
Microsoft Visual Studio Solution File, Format Version 12.00
# Visual Studio 15
VisualStudioVersion = 15.0.26228.9
MinimumVisualStudioVersion = 10.0.40219.1
Project("{2150E333-8FDC-42A3-9474-1A3956D46DE8}") = "src", "src", "{FF8B1B72-55A1-4FFE-809E-7B79323ED8D0}"
EndProject
Project("{2150E333-8FDC-42A3-9474-1A3956D46DE8}") = "Adapter", "Adapter", "{24088844-2107-4DB2-8F3F-CBCA94FC4B28}"
EndProject
Project("{FAE04EC0-301F-11D3-BF4B-00C04F79EFBC}") = "MSTest.CoreAdapter", "src\Adapter\MSTest.CoreAdapter\MSTest.CoreAdapter.csproj", "{98BA6D2C-1F3D-4636-8E1D-D4932B7A253D}"
EndProject
Project("{FAE04EC0-301F-11D3-BF4B-00C04F79EFBC}") = "PlatformServices.Interface", "src\Adapter\PlatformServices.Interface\PlatformServices.Interface.csproj", "{BBC99A6B-4490-49DD-9C12-AF2C1E95576E}"
EndProject
Project("{FAE04EC0-301F-11D3-BF4B-00C04F79EFBC}") = "PlatformServices.Portable", "src\Adapter\PlatformServices.Portable\PlatformServices.Portable.csproj", "{58BDD63D-5E58-4D23-BDF5-592E5E03D29D}"
EndProject
Project("{FAE04EC0-301F-11D3-BF4B-00C04F79EFBC}") = "PlatformServices.Universal", "src\Adapter\PlatformServices.Universal\PlatformServices.Universal.csproj", "{5D153CAA-80C2-4551-9549-6C406FCEEFB1}"
EndProject
Project("{2150E333-8FDC-42A3-9474-1A3956D46DE8}") = "TestFramework", "TestFramework", "{E48AC786-E150-4F41-9A16-32F02E4493D8}"
EndProject
Project("{FAE04EC0-301F-11D3-BF4B-00C04F79EFBC}") = "MSTest.Core", "src\TestFramework\MSTest.Core\MSTest.Core.csproj", "{7252D9E3-267D-442C-96BC-C73AEF3241D6}"
EndProject
Project("{FAE04EC0-301F-11D3-BF4B-00C04F79EFBC}") = "PlatformServices.Desktop", "src\Adapter\PlatformServices.Desktop\PlatformServices.Desktop.csproj", "{B0FCE474-14BC-449A-91EA-A433342C0D63}"
EndProject
Project("{FAE04EC0-301F-11D3-BF4B-00C04F79EFBC}") = "Extension.Desktop", "src\TestFramework\Extension.Desktop\Extension.Desktop.csproj", "{A7EA583B-A2B0-47DA-A058-458F247C7575}"
EndProject
Project("{FAE04EC0-301F-11D3-BF4B-00C04F79EFBC}") = "Extension.Core", "src\TestFramework\Extension.Core\Extension.Core.csproj", "{6C9FE494-8315-4667-B3F6-75DC62A62319}"
EndProject
Project("{2150E333-8FDC-42A3-9474-1A3956D46DE8}") = "test", "test", "{A9596292-7E67-4566-9096-143DDAA4E8D8}"
EndProject
Project("{2150E333-8FDC-42A3-9474-1A3956D46DE8}") = "AdapterTests", "AdapterTests", "{F2D0BF2C-38F2-4244-80E3-4AAD1C3F4C89}"
EndProject
Project("{D954291E-2A0B-460D-934E-DC6B0785DB48}") = "Extension.Shared", "src\TestFramework\Extension.Shared\Extension.Shared.shproj", "{272CA5E1-8E81-4825-9E47-86CCE02F700D}"
EndProject
Project("{FAE04EC0-301F-11D3-BF4B-00C04F79EFBC}") = "Extension.UWP", "src\TestFramework\Extension.UWP\Extension.UWP.csproj", "{DF131865-84EE-4540-8112-E88ACEBDEA09}"
EndProject
Project("{2150E333-8FDC-42A3-9474-1A3956D46DE8}") = "E2ETests", "E2ETests", "{F1A27537-78D1-4BBD-8E76-ADB31BC0C2B4}"
EndProject
Project("{2150E333-8FDC-42A3-9474-1A3956D46DE8}") = "TestAssets", "TestAssets", "{D53BD452-F69F-4FB3-8B98-386EDA28A4C8}"
EndProject
Project("{FAE04EC0-301F-11D3-BF4B-00C04F79EFBC}") = "DesktopTestProjectx64Debug", "test\E2ETests\TestAssets\DesktopTestProjectx64Debug\DesktopTestProjectx64Debug.csproj", "{0C139DA9-AA81-43A0-8625-7A873C0E2873}"
EndProject
Project("{FAE04EC0-301F-11D3-BF4B-00C04F79EFBC}") = "DesktopTestProjectx64Release", "test\E2ETests\TestAssets\DesktopTestProjectx64Release\DesktopTestProjectx64Release.csproj", "{C6AC27D2-975B-4CF3-B16B-9C17907B2268}"
EndProject
Project("{FAE04EC0-301F-11D3-BF4B-00C04F79EFBC}") = "DesktopTestProjectx86Debug", "test\E2ETests\TestAssets\DesktopTestProjectx86Debug\DesktopTestProjectx86Debug.csproj", "{0C522C84-B5AF-4DB6-96A2-9EFC15C88589}"
EndProject
Project("{FAE04EC0-301F-11D3-BF4B-00C04F79EFBC}") = "DesktopTestProjectx86Release", "test\E2ETests\TestAssets\DesktopTestProjectx86Release\DesktopTestProjectx86Release.csproj", "{293597CE-CCF7-4C09-9ADD-17BF34C6E86F}"
EndProject
Project("{2150E333-8FDC-42A3-9474-1A3956D46DE8}") = "ComponentTests", "ComponentTests", "{1A9F8CEF-7C03-40BD-B33C-1453114F9ABD}"
EndProject
Project("{2150E333-8FDC-42A3-9474-1A3956D46DE8}") = "TestAssets", "TestAssets", "{1899187D-8B9C-40C2-9F04-9E9A76C9A919}"
EndProject
Project("{FAE04EC0-301F-11D3-BF4B-00C04F79EFBC}") = "SampleFrameworkExtensions", "test\ComponentTests\TestAssets\SampleFrameworkExtensions\SampleFrameworkExtensions.csproj", "{5C411BBF-FCC9-4430-AE08-07666D39FD04}"
EndProject
Project("{FAE04EC0-301F-11D3-BF4B-00C04F79EFBC}") = "TestProjectForDiscovery", "test\ComponentTests\TestAssets\TestProject\TestProjectForDiscovery.csproj", "{771B0933-B811-4002-B455-823C1CC96505}"
EndProject
Project("{2150E333-8FDC-42A3-9474-1A3956D46DE8}") = "TestUtilities", "TestUtilities", "{33D3029D-E653-4929-BB31-C714178C4BEE}"
EndProject
Project("{FAE04EC0-301F-11D3-BF4B-00C04F79EFBC}") = "MSTest.CoreAdapter.TestUtilities", "test\UnitTests\MSTest.CoreAdapter.TestUtilities\MSTest.CoreAdapter.TestUtilities.csproj", "{F81C7549-E3A3-4770-AC3F-3BC7356E61E8}"
EndProject
Project("{2150E333-8FDC-42A3-9474-1A3956D46DE8}") = "TestFrameworkTests", "TestFrameworkTests", "{C6F38A55-2B8E-4C5D-A49A-2D0B9D4F10C8}"
EndProject
Project("{2150E333-8FDC-42A3-9474-1A3956D46DE8}") = "Build", "Build", "{CA01DAF5-8D9D-496E-9AD3-94BB7FBB2D34}"
EndProject
Project("{2150E333-8FDC-42A3-9474-1A3956D46DE8}") = "Desktop", "Desktop", "{3B88BD67-C767-466D-8C9C-C14681544B84}"
	ProjectSection(SolutionItems) = preProject
		src\Adapter\Build\Desktop\MSTest.TestAdapter.props = src\Adapter\Build\Desktop\MSTest.TestAdapter.props
		src\Adapter\Build\Desktop\MSTest.TestAdapter.targets = src\Adapter\Build\Desktop\MSTest.TestAdapter.targets
	EndProjectSection
EndProject
Project("{2150E333-8FDC-42A3-9474-1A3956D46DE8}") = "Portable", "Portable", "{DEDA0A36-BC06-403A-BE01-EB04CA7C662C}"
	ProjectSection(SolutionItems) = preProject
		src\Adapter\Build\Portable\MSTest.TestAdapter.props = src\Adapter\Build\Portable\MSTest.TestAdapter.props
	EndProjectSection
EndProject
Project("{2150E333-8FDC-42A3-9474-1A3956D46DE8}") = "Universal", "Universal", "{89314305-F815-4969-9B1B-8AEDE109DEC4}"
	ProjectSection(SolutionItems) = preProject
		src\Adapter\Build\Universal\MSTest.TestAdapter.props = src\Adapter\Build\Universal\MSTest.TestAdapter.props
		src\Adapter\Build\Universal\MSTest.TestAdapter.targets = src\Adapter\Build\Universal\MSTest.TestAdapter.targets
	EndProjectSection
EndProject
Project("{2150E333-8FDC-42A3-9474-1A3956D46DE8}") = "Solution Items", "Solution Items", "{929A3EDE-893B-4801-82BA-01FD947291CB}"
	ProjectSection(SolutionItems) = preProject
		Nuget.config = Nuget.config
	EndProjectSection
EndProject
Project("{2150E333-8FDC-42A3-9474-1A3956D46DE8}") = "Package", "Package", "{E374A3A6-C364-4890-B315-D60F5C682B6E}"
	ProjectSection(SolutionItems) = preProject
		src\Package\MSTest.Internal.TestFx.Documentation.nuspec = src\Package\MSTest.Internal.TestFx.Documentation.nuspec
		src\Package\MSTest.TestAdapter.Dotnet.nuspec = src\Package\MSTest.TestAdapter.Dotnet.nuspec
		src\Package\MSTest.TestAdapter.Enu.nuspec = src\Package\MSTest.TestAdapter.Enu.nuspec
		src\Package\MSTest.TestAdapter.nuspec = src\Package\MSTest.TestAdapter.nuspec
		src\Package\MSTest.TestAdapter.symbols.nuspec = src\Package\MSTest.TestAdapter.symbols.nuspec
		src\Package\MSTest.TestFramework.enu.nuspec = src\Package\MSTest.TestFramework.enu.nuspec
		src\Package\MSTest.TestFramework.nuspec = src\Package\MSTest.TestFramework.nuspec
		src\Package\MSTest.TestFramework.symbols.nuspec = src\Package\MSTest.TestFramework.symbols.nuspec
	EndProjectSection
EndProject
Project("{FAE04EC0-301F-11D3-BF4B-00C04F79EFBC}") = "PlatformServices.Desktop.Component.Tests", "test\ComponentTests\PlatformServices.Desktop.Component.Tests\PlatformServices.Desktop.Component.Tests.csproj", "{4EA6EED3-0579-4C7C-94EA-52B2AD2A9D39}"
EndProject
Project("{FAE04EC0-301F-11D3-BF4B-00C04F79EFBC}") = "Smoke.E2E.Tests", "test\E2ETests\Smoke.E2E.Tests\Smoke.E2E.Tests.csproj", "{A94E3FCA-2FB3-4C79-9F39-5B652B6992F0}"
	ProjectSection(ProjectDependencies) = postProject
		{4004757A-0080-4410-B90A-6169B20F151B} = {4004757A-0080-4410-B90A-6169B20F151B}
	EndProjectSection
EndProject
Project("{FAE04EC0-301F-11D3-BF4B-00C04F79EFBC}") = "Automation.CLI", "test\E2ETests\Automation.CLI\Automation.CLI.csproj", "{9C1219E0-E775-47F9-9236-63F03F774801}"
	ProjectSection(ProjectDependencies) = postProject
		{98BA6D2C-1F3D-4636-8E1D-D4932B7A253D} = {98BA6D2C-1F3D-4636-8E1D-D4932B7A253D}
		{BBC99A6B-4490-49DD-9C12-AF2C1E95576E} = {BBC99A6B-4490-49DD-9C12-AF2C1E95576E}
		{B0FCE474-14BC-449A-91EA-A433342C0D63} = {B0FCE474-14BC-449A-91EA-A433342C0D63}
		{4004757A-0080-4410-B90A-6169B20F151B} = {4004757A-0080-4410-B90A-6169B20F151B}
		{4004757A-0082-4410-B94A-6166B20F153C} = {4004757A-0082-4410-B94A-6166B20F153C}
		{0C522C84-B5AF-4DB6-96A2-9EFC15C88589} = {0C522C84-B5AF-4DB6-96A2-9EFC15C88589}
		{0C139DA9-AA81-43A0-8625-7A873C0E2873} = {0C139DA9-AA81-43A0-8625-7A873C0E2873}
		{CD0CA7CD-CED3-45FF-9F36-B1C8DF7A9220} = {CD0CA7CD-CED3-45FF-9F36-B1C8DF7A9220}
		{293597CE-CCF7-4C09-9ADD-17BF34C6E86F} = {293597CE-CCF7-4C09-9ADD-17BF34C6E86F}
		{C6AC27D2-975B-4CF3-B16B-9C17907B2268} = {C6AC27D2-975B-4CF3-B16B-9C17907B2268}
	EndProjectSection
EndProject
Project("{FAE04EC0-301F-11D3-BF4B-00C04F79EFBC}") = "MSTest.CoreAdapter.Unit.Tests", "test\UnitTests\MSTest.CoreAdapter.Unit.Tests\MSTest.CoreAdapter.Unit.Tests.csproj", "{1CEB5743-70BF-475E-91BC-0AEBD63835B7}"
EndProject
Project("{FAE04EC0-301F-11D3-BF4B-00C04F79EFBC}") = "PlatformServices.Desktop.Unit.Tests", "test\UnitTests\PlatformServices.Desktop.Unit.Tests\PlatformServices.Desktop.Unit.Tests.csproj", "{599833DC-EC5A-40CA-B5CF-DEF719548EEF}"
EndProject
Project("{FAE04EC0-301F-11D3-BF4B-00C04F79EFBC}") = "PlatformServices.Portable.Unit.Tests", "test\UnitTests\PlatformServices.Portable.Unit.Tests\PlatformServices.Portable.Unit.Tests.csproj", "{E3C630FE-AF89-4C95-B1B9-2409B1107208}"
EndProject
Project("{FAE04EC0-301F-11D3-BF4B-00C04F79EFBC}") = "PlatformServices.Universal.Unit.Tests", "test\UnitTests\PlatformServices.Universal.Unit.Tests\PlatformServices.Universal.Unit.Tests.csproj", "{FA7C719F-A400-45AF-8091-7C23435617A8}"
EndProject
Project("{FAE04EC0-301F-11D3-BF4B-00C04F79EFBC}") = "MSTest.Core.Unit.Tests", "test\UnitTests\MSTest.Core.Unit.Tests\MSTest.Core.Unit.Tests.csproj", "{0A4A76DD-FEE1-4D04-926B-38E1A24A7ED2}"
EndProject
Project("{2150E333-8FDC-42A3-9474-1A3956D46DE8}") = "toolPackages", "toolPackages", "{1701E9E5-E06B-45FE-B860-6A83BBAEE6A9}"
	ProjectSection(SolutionItems) = preProject
		scripts\toolset\packages.config = scripts\toolset\packages.config
	EndProjectSection
EndProject
Project("{2150E333-8FDC-42A3-9474-1A3956D46DE8}") = "stylecop", "stylecop", "{FE0DF239-0D81-46CA-9277-3342009E83F9}"
	ProjectSection(SolutionItems) = preProject
		scripts\build\stylecop.json = scripts\build\stylecop.json
		scripts\build\stylecop.ruleset = scripts\build\stylecop.ruleset
		scripts\build\stylecop.test.ruleset = scripts\build\stylecop.test.ruleset
	EndProjectSection
EndProject
Project("{2150E333-8FDC-42A3-9474-1A3956D46DE8}") = "targets", "targets", "{F60B647A-E14C-48AF-9BD6-89F44EB60115}"
	ProjectSection(SolutionItems) = preProject
		scripts\build\TestFx.Loc.targets = scripts\build\TestFx.Loc.targets
		scripts\build\TestFx.Settings.targets = scripts\build\TestFx.Settings.targets
		scripts\build\TestFx.targets = scripts\build\TestFx.targets
	EndProjectSection
EndProject
Project("{2150E333-8FDC-42A3-9474-1A3956D46DE8}") = "scripts", "scripts", "{BCF525B1-E67F-486D-B091-06A8BB8A2793}"
	ProjectSection(SolutionItems) = preProject
		scripts\Build.ps1 = scripts\Build.ps1
		scripts\common.lib.ps1 = scripts\common.lib.ps1
		scripts\SetBuildNumber.ps1 = scripts\SetBuildNumber.ps1
		scripts\test.ps1 = scripts\test.ps1
		scripts\UpdateTemplates.ps1 = scripts\UpdateTemplates.ps1
	EndProjectSection
EndProject
Project("{2150E333-8FDC-42A3-9474-1A3956D46DE8}") = "samples", "samples", "{92F8E9A2-903E-4025-99BC-7DC478D5466D}"
EndProject
Project("{FAE04EC0-301F-11D3-BF4B-00C04F79EFBC}") = "FxExtensibility", "samples\FxExtensibility\FxExtensibility.csproj", "{A82770C0-1FF5-43C7-8790-471D5E4F8D6E}"
EndProject
Project("{FAE04EC0-301F-11D3-BF4B-00C04F79EFBC}") = "FxExtensibilityTestProject", "test\E2ETests\TestAssets\FxExtensibilityTestProject\FxExtensibilityTestProject.csproj", "{4004757A-0080-4410-B90A-6169B20F151B}"
EndProject
Project("{9A19103F-16F7-4668-BE54-9A1E7A4F7556}") = "PlatformServices.NetCore", "src\Adapter\PlatformServices.NetCore\PlatformServices.NetCore.csproj", "{2979FAA1-4786-43E8-B2E1-F01A0A91FECC}"
EndProject
Project("{9A19103F-16F7-4668-BE54-9A1E7A4F7556}") = "PlatformServices.NetCore.Unit.Tests", "test\UnitTests\PlatformServices.NetCore.Unit.Tests\PlatformServices.NetCore.Unit.Tests.csproj", "{655001BB-C00F-4EF7-A324-7F7C48656D35}"
EndProject
Project("{FAE04EC0-301F-11D3-BF4B-00C04F79EFBC}") = "ParallelMethodsTestProject", "test\E2ETests\TestAssets\ParallelTestMethods\ParallelMethodsTestProject.csproj", "{4004757A-0082-4410-B94A-6166B20F153C}"
EndProject
Project("{FAE04EC0-301F-11D3-BF4B-00C04F79EFBC}") = "ParallelClassesTestProject", "test\E2ETests\TestAssets\ParallelTestClass\ParallelClassesTestProject.csproj", "{CD0CA7CD-CED3-45FF-9F36-B1C8DF7A9220}"
EndProject
Global
	GlobalSection(SharedMSBuildProjectFiles) = preSolution
		src\TestFramework\Extension.Shared\Extension.Shared.projitems*{272ca5e1-8e81-4825-9e47-86cce02f700d}*SharedItemsImports = 13
		src\TestFramework\Extension.Shared\Extension.Shared.projitems*{6c9fe494-8315-4667-b3f6-75dc62a62319}*SharedItemsImports = 4
		src\TestFramework\Extension.Shared\Extension.Shared.projitems*{df131865-84ee-4540-8112-e88acebdea09}*SharedItemsImports = 4
	EndGlobalSection
	GlobalSection(SolutionConfigurationPlatforms) = preSolution
		Code Analysis Debug|Any CPU = Code Analysis Debug|Any CPU
		Code Analysis Debug|ARM = Code Analysis Debug|ARM
		Code Analysis Debug|x64 = Code Analysis Debug|x64
		Code Analysis Debug|x86 = Code Analysis Debug|x86
		Debug|Any CPU = Debug|Any CPU
		Debug|ARM = Debug|ARM
		Debug|x64 = Debug|x64
		Debug|x86 = Debug|x86
		Release|Any CPU = Release|Any CPU
		Release|ARM = Release|ARM
		Release|x64 = Release|x64
		Release|x86 = Release|x86
	EndGlobalSection
	GlobalSection(ProjectConfigurationPlatforms) = postSolution
		{98BA6D2C-1F3D-4636-8E1D-D4932B7A253D}.Code Analysis Debug|Any CPU.ActiveCfg = Debug|Any CPU
		{98BA6D2C-1F3D-4636-8E1D-D4932B7A253D}.Code Analysis Debug|Any CPU.Build.0 = Debug|Any CPU
		{98BA6D2C-1F3D-4636-8E1D-D4932B7A253D}.Code Analysis Debug|ARM.ActiveCfg = Debug|Any CPU
		{98BA6D2C-1F3D-4636-8E1D-D4932B7A253D}.Code Analysis Debug|ARM.Build.0 = Debug|Any CPU
		{98BA6D2C-1F3D-4636-8E1D-D4932B7A253D}.Code Analysis Debug|x64.ActiveCfg = Debug|Any CPU
		{98BA6D2C-1F3D-4636-8E1D-D4932B7A253D}.Code Analysis Debug|x64.Build.0 = Debug|Any CPU
		{98BA6D2C-1F3D-4636-8E1D-D4932B7A253D}.Code Analysis Debug|x86.ActiveCfg = Debug|Any CPU
		{98BA6D2C-1F3D-4636-8E1D-D4932B7A253D}.Code Analysis Debug|x86.Build.0 = Debug|Any CPU
		{98BA6D2C-1F3D-4636-8E1D-D4932B7A253D}.Debug|Any CPU.ActiveCfg = Debug|Any CPU
		{98BA6D2C-1F3D-4636-8E1D-D4932B7A253D}.Debug|Any CPU.Build.0 = Debug|Any CPU
		{98BA6D2C-1F3D-4636-8E1D-D4932B7A253D}.Debug|ARM.ActiveCfg = Debug|Any CPU
		{98BA6D2C-1F3D-4636-8E1D-D4932B7A253D}.Debug|ARM.Build.0 = Debug|Any CPU
		{98BA6D2C-1F3D-4636-8E1D-D4932B7A253D}.Debug|x64.ActiveCfg = Debug|Any CPU
		{98BA6D2C-1F3D-4636-8E1D-D4932B7A253D}.Debug|x64.Build.0 = Debug|Any CPU
		{98BA6D2C-1F3D-4636-8E1D-D4932B7A253D}.Debug|x86.ActiveCfg = Debug|Any CPU
		{98BA6D2C-1F3D-4636-8E1D-D4932B7A253D}.Debug|x86.Build.0 = Debug|Any CPU
		{98BA6D2C-1F3D-4636-8E1D-D4932B7A253D}.Release|Any CPU.ActiveCfg = Release|Any CPU
		{98BA6D2C-1F3D-4636-8E1D-D4932B7A253D}.Release|Any CPU.Build.0 = Release|Any CPU
		{98BA6D2C-1F3D-4636-8E1D-D4932B7A253D}.Release|ARM.ActiveCfg = Debug|Any CPU
		{98BA6D2C-1F3D-4636-8E1D-D4932B7A253D}.Release|ARM.Build.0 = Debug|Any CPU
		{98BA6D2C-1F3D-4636-8E1D-D4932B7A253D}.Release|x64.ActiveCfg = Debug|Any CPU
		{98BA6D2C-1F3D-4636-8E1D-D4932B7A253D}.Release|x64.Build.0 = Debug|Any CPU
		{98BA6D2C-1F3D-4636-8E1D-D4932B7A253D}.Release|x86.ActiveCfg = Debug|Any CPU
		{98BA6D2C-1F3D-4636-8E1D-D4932B7A253D}.Release|x86.Build.0 = Debug|Any CPU
		{BBC99A6B-4490-49DD-9C12-AF2C1E95576E}.Code Analysis Debug|Any CPU.ActiveCfg = Debug|Any CPU
		{BBC99A6B-4490-49DD-9C12-AF2C1E95576E}.Code Analysis Debug|Any CPU.Build.0 = Debug|Any CPU
		{BBC99A6B-4490-49DD-9C12-AF2C1E95576E}.Code Analysis Debug|ARM.ActiveCfg = Debug|Any CPU
		{BBC99A6B-4490-49DD-9C12-AF2C1E95576E}.Code Analysis Debug|ARM.Build.0 = Debug|Any CPU
		{BBC99A6B-4490-49DD-9C12-AF2C1E95576E}.Code Analysis Debug|x64.ActiveCfg = Debug|Any CPU
		{BBC99A6B-4490-49DD-9C12-AF2C1E95576E}.Code Analysis Debug|x64.Build.0 = Debug|Any CPU
		{BBC99A6B-4490-49DD-9C12-AF2C1E95576E}.Code Analysis Debug|x86.ActiveCfg = Debug|Any CPU
		{BBC99A6B-4490-49DD-9C12-AF2C1E95576E}.Code Analysis Debug|x86.Build.0 = Debug|Any CPU
		{BBC99A6B-4490-49DD-9C12-AF2C1E95576E}.Debug|Any CPU.ActiveCfg = Debug|Any CPU
		{BBC99A6B-4490-49DD-9C12-AF2C1E95576E}.Debug|Any CPU.Build.0 = Debug|Any CPU
		{BBC99A6B-4490-49DD-9C12-AF2C1E95576E}.Debug|ARM.ActiveCfg = Debug|Any CPU
		{BBC99A6B-4490-49DD-9C12-AF2C1E95576E}.Debug|ARM.Build.0 = Debug|Any CPU
		{BBC99A6B-4490-49DD-9C12-AF2C1E95576E}.Debug|x64.ActiveCfg = Debug|Any CPU
		{BBC99A6B-4490-49DD-9C12-AF2C1E95576E}.Debug|x64.Build.0 = Debug|Any CPU
		{BBC99A6B-4490-49DD-9C12-AF2C1E95576E}.Debug|x86.ActiveCfg = Debug|Any CPU
		{BBC99A6B-4490-49DD-9C12-AF2C1E95576E}.Debug|x86.Build.0 = Debug|Any CPU
		{BBC99A6B-4490-49DD-9C12-AF2C1E95576E}.Release|Any CPU.ActiveCfg = Release|Any CPU
		{BBC99A6B-4490-49DD-9C12-AF2C1E95576E}.Release|Any CPU.Build.0 = Release|Any CPU
		{BBC99A6B-4490-49DD-9C12-AF2C1E95576E}.Release|ARM.ActiveCfg = Debug|Any CPU
		{BBC99A6B-4490-49DD-9C12-AF2C1E95576E}.Release|ARM.Build.0 = Debug|Any CPU
		{BBC99A6B-4490-49DD-9C12-AF2C1E95576E}.Release|x64.ActiveCfg = Debug|Any CPU
		{BBC99A6B-4490-49DD-9C12-AF2C1E95576E}.Release|x64.Build.0 = Debug|Any CPU
		{BBC99A6B-4490-49DD-9C12-AF2C1E95576E}.Release|x86.ActiveCfg = Debug|Any CPU
		{BBC99A6B-4490-49DD-9C12-AF2C1E95576E}.Release|x86.Build.0 = Debug|Any CPU
		{58BDD63D-5E58-4D23-BDF5-592E5E03D29D}.Code Analysis Debug|Any CPU.ActiveCfg = Debug|Any CPU
		{58BDD63D-5E58-4D23-BDF5-592E5E03D29D}.Code Analysis Debug|Any CPU.Build.0 = Debug|Any CPU
		{58BDD63D-5E58-4D23-BDF5-592E5E03D29D}.Code Analysis Debug|ARM.ActiveCfg = Debug|Any CPU
		{58BDD63D-5E58-4D23-BDF5-592E5E03D29D}.Code Analysis Debug|ARM.Build.0 = Debug|Any CPU
		{58BDD63D-5E58-4D23-BDF5-592E5E03D29D}.Code Analysis Debug|x64.ActiveCfg = Debug|Any CPU
		{58BDD63D-5E58-4D23-BDF5-592E5E03D29D}.Code Analysis Debug|x64.Build.0 = Debug|Any CPU
		{58BDD63D-5E58-4D23-BDF5-592E5E03D29D}.Code Analysis Debug|x86.ActiveCfg = Debug|Any CPU
		{58BDD63D-5E58-4D23-BDF5-592E5E03D29D}.Code Analysis Debug|x86.Build.0 = Debug|Any CPU
		{58BDD63D-5E58-4D23-BDF5-592E5E03D29D}.Debug|Any CPU.ActiveCfg = Debug|Any CPU
		{58BDD63D-5E58-4D23-BDF5-592E5E03D29D}.Debug|Any CPU.Build.0 = Debug|Any CPU
		{58BDD63D-5E58-4D23-BDF5-592E5E03D29D}.Debug|ARM.ActiveCfg = Debug|Any CPU
		{58BDD63D-5E58-4D23-BDF5-592E5E03D29D}.Debug|ARM.Build.0 = Debug|Any CPU
		{58BDD63D-5E58-4D23-BDF5-592E5E03D29D}.Debug|x64.ActiveCfg = Debug|Any CPU
		{58BDD63D-5E58-4D23-BDF5-592E5E03D29D}.Debug|x64.Build.0 = Debug|Any CPU
		{58BDD63D-5E58-4D23-BDF5-592E5E03D29D}.Debug|x86.ActiveCfg = Debug|Any CPU
		{58BDD63D-5E58-4D23-BDF5-592E5E03D29D}.Debug|x86.Build.0 = Debug|Any CPU
		{58BDD63D-5E58-4D23-BDF5-592E5E03D29D}.Release|Any CPU.ActiveCfg = Release|Any CPU
		{58BDD63D-5E58-4D23-BDF5-592E5E03D29D}.Release|Any CPU.Build.0 = Release|Any CPU
		{58BDD63D-5E58-4D23-BDF5-592E5E03D29D}.Release|ARM.ActiveCfg = Debug|Any CPU
		{58BDD63D-5E58-4D23-BDF5-592E5E03D29D}.Release|ARM.Build.0 = Debug|Any CPU
		{58BDD63D-5E58-4D23-BDF5-592E5E03D29D}.Release|x64.ActiveCfg = Debug|Any CPU
		{58BDD63D-5E58-4D23-BDF5-592E5E03D29D}.Release|x64.Build.0 = Debug|Any CPU
		{58BDD63D-5E58-4D23-BDF5-592E5E03D29D}.Release|x86.ActiveCfg = Debug|Any CPU
		{58BDD63D-5E58-4D23-BDF5-592E5E03D29D}.Release|x86.Build.0 = Debug|Any CPU
		{5D153CAA-80C2-4551-9549-6C406FCEEFB1}.Code Analysis Debug|Any CPU.ActiveCfg = Debug|Any CPU
		{5D153CAA-80C2-4551-9549-6C406FCEEFB1}.Code Analysis Debug|Any CPU.Build.0 = Debug|Any CPU
		{5D153CAA-80C2-4551-9549-6C406FCEEFB1}.Code Analysis Debug|ARM.ActiveCfg = Debug|Any CPU
		{5D153CAA-80C2-4551-9549-6C406FCEEFB1}.Code Analysis Debug|ARM.Build.0 = Debug|Any CPU
		{5D153CAA-80C2-4551-9549-6C406FCEEFB1}.Code Analysis Debug|x64.ActiveCfg = Debug|Any CPU
		{5D153CAA-80C2-4551-9549-6C406FCEEFB1}.Code Analysis Debug|x64.Build.0 = Debug|Any CPU
		{5D153CAA-80C2-4551-9549-6C406FCEEFB1}.Code Analysis Debug|x86.ActiveCfg = Debug|Any CPU
		{5D153CAA-80C2-4551-9549-6C406FCEEFB1}.Code Analysis Debug|x86.Build.0 = Debug|Any CPU
		{5D153CAA-80C2-4551-9549-6C406FCEEFB1}.Debug|Any CPU.ActiveCfg = Debug|Any CPU
		{5D153CAA-80C2-4551-9549-6C406FCEEFB1}.Debug|Any CPU.Build.0 = Debug|Any CPU
		{5D153CAA-80C2-4551-9549-6C406FCEEFB1}.Debug|ARM.ActiveCfg = Debug|Any CPU
		{5D153CAA-80C2-4551-9549-6C406FCEEFB1}.Debug|ARM.Build.0 = Debug|Any CPU
		{5D153CAA-80C2-4551-9549-6C406FCEEFB1}.Debug|x64.ActiveCfg = Debug|Any CPU
		{5D153CAA-80C2-4551-9549-6C406FCEEFB1}.Debug|x64.Build.0 = Debug|Any CPU
		{5D153CAA-80C2-4551-9549-6C406FCEEFB1}.Debug|x86.ActiveCfg = Debug|Any CPU
		{5D153CAA-80C2-4551-9549-6C406FCEEFB1}.Debug|x86.Build.0 = Debug|Any CPU
		{5D153CAA-80C2-4551-9549-6C406FCEEFB1}.Release|Any CPU.ActiveCfg = Release|Any CPU
		{5D153CAA-80C2-4551-9549-6C406FCEEFB1}.Release|Any CPU.Build.0 = Release|Any CPU
		{5D153CAA-80C2-4551-9549-6C406FCEEFB1}.Release|ARM.ActiveCfg = Debug|Any CPU
		{5D153CAA-80C2-4551-9549-6C406FCEEFB1}.Release|ARM.Build.0 = Debug|Any CPU
		{5D153CAA-80C2-4551-9549-6C406FCEEFB1}.Release|x64.ActiveCfg = Debug|Any CPU
		{5D153CAA-80C2-4551-9549-6C406FCEEFB1}.Release|x64.Build.0 = Debug|Any CPU
		{5D153CAA-80C2-4551-9549-6C406FCEEFB1}.Release|x86.ActiveCfg = Debug|Any CPU
		{5D153CAA-80C2-4551-9549-6C406FCEEFB1}.Release|x86.Build.0 = Debug|Any CPU
		{7252D9E3-267D-442C-96BC-C73AEF3241D6}.Code Analysis Debug|Any CPU.ActiveCfg = Debug|Any CPU
		{7252D9E3-267D-442C-96BC-C73AEF3241D6}.Code Analysis Debug|Any CPU.Build.0 = Debug|Any CPU
		{7252D9E3-267D-442C-96BC-C73AEF3241D6}.Code Analysis Debug|ARM.ActiveCfg = Debug|Any CPU
		{7252D9E3-267D-442C-96BC-C73AEF3241D6}.Code Analysis Debug|ARM.Build.0 = Debug|Any CPU
		{7252D9E3-267D-442C-96BC-C73AEF3241D6}.Code Analysis Debug|x64.ActiveCfg = Debug|Any CPU
		{7252D9E3-267D-442C-96BC-C73AEF3241D6}.Code Analysis Debug|x64.Build.0 = Debug|Any CPU
		{7252D9E3-267D-442C-96BC-C73AEF3241D6}.Code Analysis Debug|x86.ActiveCfg = Debug|Any CPU
		{7252D9E3-267D-442C-96BC-C73AEF3241D6}.Code Analysis Debug|x86.Build.0 = Debug|Any CPU
		{7252D9E3-267D-442C-96BC-C73AEF3241D6}.Debug|Any CPU.ActiveCfg = Debug|Any CPU
		{7252D9E3-267D-442C-96BC-C73AEF3241D6}.Debug|Any CPU.Build.0 = Debug|Any CPU
		{7252D9E3-267D-442C-96BC-C73AEF3241D6}.Debug|ARM.ActiveCfg = Debug|Any CPU
		{7252D9E3-267D-442C-96BC-C73AEF3241D6}.Debug|ARM.Build.0 = Debug|Any CPU
		{7252D9E3-267D-442C-96BC-C73AEF3241D6}.Debug|x64.ActiveCfg = Debug|Any CPU
		{7252D9E3-267D-442C-96BC-C73AEF3241D6}.Debug|x64.Build.0 = Debug|Any CPU
		{7252D9E3-267D-442C-96BC-C73AEF3241D6}.Debug|x86.ActiveCfg = Debug|Any CPU
		{7252D9E3-267D-442C-96BC-C73AEF3241D6}.Debug|x86.Build.0 = Debug|Any CPU
		{7252D9E3-267D-442C-96BC-C73AEF3241D6}.Release|Any CPU.ActiveCfg = Release|Any CPU
		{7252D9E3-267D-442C-96BC-C73AEF3241D6}.Release|Any CPU.Build.0 = Release|Any CPU
		{7252D9E3-267D-442C-96BC-C73AEF3241D6}.Release|ARM.ActiveCfg = Debug|Any CPU
		{7252D9E3-267D-442C-96BC-C73AEF3241D6}.Release|ARM.Build.0 = Debug|Any CPU
		{7252D9E3-267D-442C-96BC-C73AEF3241D6}.Release|x64.ActiveCfg = Debug|Any CPU
		{7252D9E3-267D-442C-96BC-C73AEF3241D6}.Release|x64.Build.0 = Debug|Any CPU
		{7252D9E3-267D-442C-96BC-C73AEF3241D6}.Release|x86.ActiveCfg = Debug|Any CPU
		{7252D9E3-267D-442C-96BC-C73AEF3241D6}.Release|x86.Build.0 = Debug|Any CPU
		{B0FCE474-14BC-449A-91EA-A433342C0D63}.Code Analysis Debug|Any CPU.ActiveCfg = Debug|Any CPU
		{B0FCE474-14BC-449A-91EA-A433342C0D63}.Code Analysis Debug|Any CPU.Build.0 = Debug|Any CPU
		{B0FCE474-14BC-449A-91EA-A433342C0D63}.Code Analysis Debug|ARM.ActiveCfg = Debug|Any CPU
		{B0FCE474-14BC-449A-91EA-A433342C0D63}.Code Analysis Debug|ARM.Build.0 = Debug|Any CPU
		{B0FCE474-14BC-449A-91EA-A433342C0D63}.Code Analysis Debug|x64.ActiveCfg = Debug|Any CPU
		{B0FCE474-14BC-449A-91EA-A433342C0D63}.Code Analysis Debug|x64.Build.0 = Debug|Any CPU
		{B0FCE474-14BC-449A-91EA-A433342C0D63}.Code Analysis Debug|x86.ActiveCfg = Debug|Any CPU
		{B0FCE474-14BC-449A-91EA-A433342C0D63}.Code Analysis Debug|x86.Build.0 = Debug|Any CPU
		{B0FCE474-14BC-449A-91EA-A433342C0D63}.Debug|Any CPU.ActiveCfg = Debug|Any CPU
		{B0FCE474-14BC-449A-91EA-A433342C0D63}.Debug|Any CPU.Build.0 = Debug|Any CPU
		{B0FCE474-14BC-449A-91EA-A433342C0D63}.Debug|ARM.ActiveCfg = Debug|Any CPU
		{B0FCE474-14BC-449A-91EA-A433342C0D63}.Debug|ARM.Build.0 = Debug|Any CPU
		{B0FCE474-14BC-449A-91EA-A433342C0D63}.Debug|x64.ActiveCfg = Debug|Any CPU
		{B0FCE474-14BC-449A-91EA-A433342C0D63}.Debug|x64.Build.0 = Debug|Any CPU
		{B0FCE474-14BC-449A-91EA-A433342C0D63}.Debug|x86.ActiveCfg = Debug|Any CPU
		{B0FCE474-14BC-449A-91EA-A433342C0D63}.Debug|x86.Build.0 = Debug|Any CPU
		{B0FCE474-14BC-449A-91EA-A433342C0D63}.Release|Any CPU.ActiveCfg = Release|Any CPU
		{B0FCE474-14BC-449A-91EA-A433342C0D63}.Release|Any CPU.Build.0 = Release|Any CPU
		{B0FCE474-14BC-449A-91EA-A433342C0D63}.Release|ARM.ActiveCfg = Debug|Any CPU
		{B0FCE474-14BC-449A-91EA-A433342C0D63}.Release|ARM.Build.0 = Debug|Any CPU
		{B0FCE474-14BC-449A-91EA-A433342C0D63}.Release|x64.ActiveCfg = Debug|Any CPU
		{B0FCE474-14BC-449A-91EA-A433342C0D63}.Release|x64.Build.0 = Debug|Any CPU
		{B0FCE474-14BC-449A-91EA-A433342C0D63}.Release|x86.ActiveCfg = Debug|Any CPU
		{B0FCE474-14BC-449A-91EA-A433342C0D63}.Release|x86.Build.0 = Debug|Any CPU
		{A7EA583B-A2B0-47DA-A058-458F247C7575}.Code Analysis Debug|Any CPU.ActiveCfg = Debug|Any CPU
		{A7EA583B-A2B0-47DA-A058-458F247C7575}.Code Analysis Debug|Any CPU.Build.0 = Debug|Any CPU
		{A7EA583B-A2B0-47DA-A058-458F247C7575}.Code Analysis Debug|ARM.ActiveCfg = Debug|Any CPU
		{A7EA583B-A2B0-47DA-A058-458F247C7575}.Code Analysis Debug|ARM.Build.0 = Debug|Any CPU
		{A7EA583B-A2B0-47DA-A058-458F247C7575}.Code Analysis Debug|x64.ActiveCfg = Debug|Any CPU
		{A7EA583B-A2B0-47DA-A058-458F247C7575}.Code Analysis Debug|x64.Build.0 = Debug|Any CPU
		{A7EA583B-A2B0-47DA-A058-458F247C7575}.Code Analysis Debug|x86.ActiveCfg = Debug|Any CPU
		{A7EA583B-A2B0-47DA-A058-458F247C7575}.Code Analysis Debug|x86.Build.0 = Debug|Any CPU
		{A7EA583B-A2B0-47DA-A058-458F247C7575}.Debug|Any CPU.ActiveCfg = Debug|Any CPU
		{A7EA583B-A2B0-47DA-A058-458F247C7575}.Debug|Any CPU.Build.0 = Debug|Any CPU
		{A7EA583B-A2B0-47DA-A058-458F247C7575}.Debug|ARM.ActiveCfg = Debug|Any CPU
		{A7EA583B-A2B0-47DA-A058-458F247C7575}.Debug|ARM.Build.0 = Debug|Any CPU
		{A7EA583B-A2B0-47DA-A058-458F247C7575}.Debug|x64.ActiveCfg = Debug|Any CPU
		{A7EA583B-A2B0-47DA-A058-458F247C7575}.Debug|x64.Build.0 = Debug|Any CPU
		{A7EA583B-A2B0-47DA-A058-458F247C7575}.Debug|x86.ActiveCfg = Debug|Any CPU
		{A7EA583B-A2B0-47DA-A058-458F247C7575}.Debug|x86.Build.0 = Debug|Any CPU
		{A7EA583B-A2B0-47DA-A058-458F247C7575}.Release|Any CPU.ActiveCfg = Release|Any CPU
		{A7EA583B-A2B0-47DA-A058-458F247C7575}.Release|Any CPU.Build.0 = Release|Any CPU
		{A7EA583B-A2B0-47DA-A058-458F247C7575}.Release|ARM.ActiveCfg = Debug|Any CPU
		{A7EA583B-A2B0-47DA-A058-458F247C7575}.Release|ARM.Build.0 = Debug|Any CPU
		{A7EA583B-A2B0-47DA-A058-458F247C7575}.Release|x64.ActiveCfg = Debug|Any CPU
		{A7EA583B-A2B0-47DA-A058-458F247C7575}.Release|x64.Build.0 = Debug|Any CPU
		{A7EA583B-A2B0-47DA-A058-458F247C7575}.Release|x86.ActiveCfg = Debug|Any CPU
		{A7EA583B-A2B0-47DA-A058-458F247C7575}.Release|x86.Build.0 = Debug|Any CPU
		{6C9FE494-8315-4667-B3F6-75DC62A62319}.Code Analysis Debug|Any CPU.ActiveCfg = Debug|Any CPU
		{6C9FE494-8315-4667-B3F6-75DC62A62319}.Code Analysis Debug|Any CPU.Build.0 = Debug|Any CPU
		{6C9FE494-8315-4667-B3F6-75DC62A62319}.Code Analysis Debug|ARM.ActiveCfg = Debug|Any CPU
		{6C9FE494-8315-4667-B3F6-75DC62A62319}.Code Analysis Debug|ARM.Build.0 = Debug|Any CPU
		{6C9FE494-8315-4667-B3F6-75DC62A62319}.Code Analysis Debug|x64.ActiveCfg = Debug|Any CPU
		{6C9FE494-8315-4667-B3F6-75DC62A62319}.Code Analysis Debug|x64.Build.0 = Debug|Any CPU
		{6C9FE494-8315-4667-B3F6-75DC62A62319}.Code Analysis Debug|x86.ActiveCfg = Debug|Any CPU
		{6C9FE494-8315-4667-B3F6-75DC62A62319}.Code Analysis Debug|x86.Build.0 = Debug|Any CPU
		{6C9FE494-8315-4667-B3F6-75DC62A62319}.Debug|Any CPU.ActiveCfg = Debug|Any CPU
		{6C9FE494-8315-4667-B3F6-75DC62A62319}.Debug|Any CPU.Build.0 = Debug|Any CPU
		{6C9FE494-8315-4667-B3F6-75DC62A62319}.Debug|ARM.ActiveCfg = Debug|Any CPU
		{6C9FE494-8315-4667-B3F6-75DC62A62319}.Debug|ARM.Build.0 = Debug|Any CPU
		{6C9FE494-8315-4667-B3F6-75DC62A62319}.Debug|x64.ActiveCfg = Debug|Any CPU
		{6C9FE494-8315-4667-B3F6-75DC62A62319}.Debug|x64.Build.0 = Debug|Any CPU
		{6C9FE494-8315-4667-B3F6-75DC62A62319}.Debug|x86.ActiveCfg = Debug|Any CPU
		{6C9FE494-8315-4667-B3F6-75DC62A62319}.Debug|x86.Build.0 = Debug|Any CPU
		{6C9FE494-8315-4667-B3F6-75DC62A62319}.Release|Any CPU.ActiveCfg = Release|Any CPU
		{6C9FE494-8315-4667-B3F6-75DC62A62319}.Release|Any CPU.Build.0 = Release|Any CPU
		{6C9FE494-8315-4667-B3F6-75DC62A62319}.Release|ARM.ActiveCfg = Debug|Any CPU
		{6C9FE494-8315-4667-B3F6-75DC62A62319}.Release|ARM.Build.0 = Debug|Any CPU
		{6C9FE494-8315-4667-B3F6-75DC62A62319}.Release|x64.ActiveCfg = Debug|Any CPU
		{6C9FE494-8315-4667-B3F6-75DC62A62319}.Release|x64.Build.0 = Debug|Any CPU
		{6C9FE494-8315-4667-B3F6-75DC62A62319}.Release|x86.ActiveCfg = Debug|Any CPU
		{6C9FE494-8315-4667-B3F6-75DC62A62319}.Release|x86.Build.0 = Debug|Any CPU
		{DF131865-84EE-4540-8112-E88ACEBDEA09}.Code Analysis Debug|Any CPU.ActiveCfg = Debug|Any CPU
		{DF131865-84EE-4540-8112-E88ACEBDEA09}.Code Analysis Debug|Any CPU.Build.0 = Debug|Any CPU
		{DF131865-84EE-4540-8112-E88ACEBDEA09}.Code Analysis Debug|ARM.ActiveCfg = Debug|ARM
		{DF131865-84EE-4540-8112-E88ACEBDEA09}.Code Analysis Debug|ARM.Build.0 = Debug|ARM
		{DF131865-84EE-4540-8112-E88ACEBDEA09}.Code Analysis Debug|x64.ActiveCfg = Debug|x64
		{DF131865-84EE-4540-8112-E88ACEBDEA09}.Code Analysis Debug|x64.Build.0 = Debug|x64
		{DF131865-84EE-4540-8112-E88ACEBDEA09}.Code Analysis Debug|x86.ActiveCfg = Debug|x86
		{DF131865-84EE-4540-8112-E88ACEBDEA09}.Code Analysis Debug|x86.Build.0 = Debug|x86
		{DF131865-84EE-4540-8112-E88ACEBDEA09}.Debug|Any CPU.ActiveCfg = Debug|Any CPU
		{DF131865-84EE-4540-8112-E88ACEBDEA09}.Debug|Any CPU.Build.0 = Debug|Any CPU
		{DF131865-84EE-4540-8112-E88ACEBDEA09}.Debug|ARM.ActiveCfg = Debug|ARM
		{DF131865-84EE-4540-8112-E88ACEBDEA09}.Debug|ARM.Build.0 = Debug|ARM
		{DF131865-84EE-4540-8112-E88ACEBDEA09}.Debug|x64.ActiveCfg = Debug|x64
		{DF131865-84EE-4540-8112-E88ACEBDEA09}.Debug|x64.Build.0 = Debug|x64
		{DF131865-84EE-4540-8112-E88ACEBDEA09}.Debug|x86.ActiveCfg = Debug|x86
		{DF131865-84EE-4540-8112-E88ACEBDEA09}.Debug|x86.Build.0 = Debug|x86
		{DF131865-84EE-4540-8112-E88ACEBDEA09}.Release|Any CPU.ActiveCfg = Release|Any CPU
		{DF131865-84EE-4540-8112-E88ACEBDEA09}.Release|Any CPU.Build.0 = Release|Any CPU
		{DF131865-84EE-4540-8112-E88ACEBDEA09}.Release|ARM.ActiveCfg = Release|ARM
		{DF131865-84EE-4540-8112-E88ACEBDEA09}.Release|ARM.Build.0 = Release|ARM
		{DF131865-84EE-4540-8112-E88ACEBDEA09}.Release|x64.ActiveCfg = Release|x64
		{DF131865-84EE-4540-8112-E88ACEBDEA09}.Release|x64.Build.0 = Release|x64
		{DF131865-84EE-4540-8112-E88ACEBDEA09}.Release|x86.ActiveCfg = Release|x86
		{DF131865-84EE-4540-8112-E88ACEBDEA09}.Release|x86.Build.0 = Release|x86
		{0C139DA9-AA81-43A0-8625-7A873C0E2873}.Code Analysis Debug|Any CPU.ActiveCfg = Debug|Any CPU
		{0C139DA9-AA81-43A0-8625-7A873C0E2873}.Code Analysis Debug|Any CPU.Build.0 = Debug|Any CPU
		{0C139DA9-AA81-43A0-8625-7A873C0E2873}.Code Analysis Debug|ARM.ActiveCfg = Debug|Any CPU
		{0C139DA9-AA81-43A0-8625-7A873C0E2873}.Code Analysis Debug|ARM.Build.0 = Debug|Any CPU
		{0C139DA9-AA81-43A0-8625-7A873C0E2873}.Code Analysis Debug|x64.ActiveCfg = Debug|x64
		{0C139DA9-AA81-43A0-8625-7A873C0E2873}.Code Analysis Debug|x64.Build.0 = Debug|x64
		{0C139DA9-AA81-43A0-8625-7A873C0E2873}.Code Analysis Debug|x86.ActiveCfg = Debug|Any CPU
		{0C139DA9-AA81-43A0-8625-7A873C0E2873}.Code Analysis Debug|x86.Build.0 = Debug|Any CPU
		{0C139DA9-AA81-43A0-8625-7A873C0E2873}.Debug|Any CPU.ActiveCfg = Debug|Any CPU
		{0C139DA9-AA81-43A0-8625-7A873C0E2873}.Debug|Any CPU.Build.0 = Debug|Any CPU
		{0C139DA9-AA81-43A0-8625-7A873C0E2873}.Debug|ARM.ActiveCfg = Debug|Any CPU
		{0C139DA9-AA81-43A0-8625-7A873C0E2873}.Debug|ARM.Build.0 = Debug|Any CPU
		{0C139DA9-AA81-43A0-8625-7A873C0E2873}.Debug|x64.ActiveCfg = Debug|x64
		{0C139DA9-AA81-43A0-8625-7A873C0E2873}.Debug|x64.Build.0 = Debug|x64
		{0C139DA9-AA81-43A0-8625-7A873C0E2873}.Debug|x86.ActiveCfg = Debug|Any CPU
		{0C139DA9-AA81-43A0-8625-7A873C0E2873}.Debug|x86.Build.0 = Debug|Any CPU
		{0C139DA9-AA81-43A0-8625-7A873C0E2873}.Release|Any CPU.ActiveCfg = Debug|Any CPU
		{0C139DA9-AA81-43A0-8625-7A873C0E2873}.Release|Any CPU.Build.0 = Debug|Any CPU
		{0C139DA9-AA81-43A0-8625-7A873C0E2873}.Release|ARM.ActiveCfg = Release|Any CPU
		{0C139DA9-AA81-43A0-8625-7A873C0E2873}.Release|ARM.Build.0 = Release|Any CPU
		{0C139DA9-AA81-43A0-8625-7A873C0E2873}.Release|x64.ActiveCfg = Release|x64
		{0C139DA9-AA81-43A0-8625-7A873C0E2873}.Release|x64.Build.0 = Release|x64
		{0C139DA9-AA81-43A0-8625-7A873C0E2873}.Release|x86.ActiveCfg = Release|Any CPU
		{0C139DA9-AA81-43A0-8625-7A873C0E2873}.Release|x86.Build.0 = Release|Any CPU
		{C6AC27D2-975B-4CF3-B16B-9C17907B2268}.Code Analysis Debug|Any CPU.ActiveCfg = Debug|Any CPU
		{C6AC27D2-975B-4CF3-B16B-9C17907B2268}.Code Analysis Debug|Any CPU.Build.0 = Debug|Any CPU
		{C6AC27D2-975B-4CF3-B16B-9C17907B2268}.Code Analysis Debug|ARM.ActiveCfg = Debug|Any CPU
		{C6AC27D2-975B-4CF3-B16B-9C17907B2268}.Code Analysis Debug|ARM.Build.0 = Debug|Any CPU
		{C6AC27D2-975B-4CF3-B16B-9C17907B2268}.Code Analysis Debug|x64.ActiveCfg = Debug|x64
		{C6AC27D2-975B-4CF3-B16B-9C17907B2268}.Code Analysis Debug|x64.Build.0 = Debug|x64
		{C6AC27D2-975B-4CF3-B16B-9C17907B2268}.Code Analysis Debug|x86.ActiveCfg = Debug|Any CPU
		{C6AC27D2-975B-4CF3-B16B-9C17907B2268}.Code Analysis Debug|x86.Build.0 = Debug|Any CPU
		{C6AC27D2-975B-4CF3-B16B-9C17907B2268}.Debug|Any CPU.ActiveCfg = Release|Any CPU
		{C6AC27D2-975B-4CF3-B16B-9C17907B2268}.Debug|Any CPU.Build.0 = Release|Any CPU
		{C6AC27D2-975B-4CF3-B16B-9C17907B2268}.Debug|ARM.ActiveCfg = Debug|Any CPU
		{C6AC27D2-975B-4CF3-B16B-9C17907B2268}.Debug|ARM.Build.0 = Debug|Any CPU
		{C6AC27D2-975B-4CF3-B16B-9C17907B2268}.Debug|x64.ActiveCfg = Debug|x64
		{C6AC27D2-975B-4CF3-B16B-9C17907B2268}.Debug|x64.Build.0 = Debug|x64
		{C6AC27D2-975B-4CF3-B16B-9C17907B2268}.Debug|x86.ActiveCfg = Debug|Any CPU
		{C6AC27D2-975B-4CF3-B16B-9C17907B2268}.Debug|x86.Build.0 = Debug|Any CPU
		{C6AC27D2-975B-4CF3-B16B-9C17907B2268}.Release|Any CPU.ActiveCfg = Release|Any CPU
		{C6AC27D2-975B-4CF3-B16B-9C17907B2268}.Release|Any CPU.Build.0 = Release|Any CPU
		{C6AC27D2-975B-4CF3-B16B-9C17907B2268}.Release|ARM.ActiveCfg = Release|Any CPU
		{C6AC27D2-975B-4CF3-B16B-9C17907B2268}.Release|ARM.Build.0 = Release|Any CPU
		{C6AC27D2-975B-4CF3-B16B-9C17907B2268}.Release|x64.ActiveCfg = Release|x64
		{C6AC27D2-975B-4CF3-B16B-9C17907B2268}.Release|x64.Build.0 = Release|x64
		{C6AC27D2-975B-4CF3-B16B-9C17907B2268}.Release|x86.ActiveCfg = Release|Any CPU
		{C6AC27D2-975B-4CF3-B16B-9C17907B2268}.Release|x86.Build.0 = Release|Any CPU
		{0C522C84-B5AF-4DB6-96A2-9EFC15C88589}.Code Analysis Debug|Any CPU.ActiveCfg = Debug|Any CPU
		{0C522C84-B5AF-4DB6-96A2-9EFC15C88589}.Code Analysis Debug|Any CPU.Build.0 = Debug|Any CPU
		{0C522C84-B5AF-4DB6-96A2-9EFC15C88589}.Code Analysis Debug|ARM.ActiveCfg = Debug|Any CPU
		{0C522C84-B5AF-4DB6-96A2-9EFC15C88589}.Code Analysis Debug|ARM.Build.0 = Debug|Any CPU
		{0C522C84-B5AF-4DB6-96A2-9EFC15C88589}.Code Analysis Debug|x64.ActiveCfg = Debug|Any CPU
		{0C522C84-B5AF-4DB6-96A2-9EFC15C88589}.Code Analysis Debug|x64.Build.0 = Debug|Any CPU
		{0C522C84-B5AF-4DB6-96A2-9EFC15C88589}.Code Analysis Debug|x86.ActiveCfg = Debug|x86
		{0C522C84-B5AF-4DB6-96A2-9EFC15C88589}.Code Analysis Debug|x86.Build.0 = Debug|x86
		{0C522C84-B5AF-4DB6-96A2-9EFC15C88589}.Debug|Any CPU.ActiveCfg = Debug|Any CPU
		{0C522C84-B5AF-4DB6-96A2-9EFC15C88589}.Debug|Any CPU.Build.0 = Debug|Any CPU
		{0C522C84-B5AF-4DB6-96A2-9EFC15C88589}.Debug|ARM.ActiveCfg = Debug|Any CPU
		{0C522C84-B5AF-4DB6-96A2-9EFC15C88589}.Debug|ARM.Build.0 = Debug|Any CPU
		{0C522C84-B5AF-4DB6-96A2-9EFC15C88589}.Debug|x64.ActiveCfg = Debug|Any CPU
		{0C522C84-B5AF-4DB6-96A2-9EFC15C88589}.Debug|x64.Build.0 = Debug|Any CPU
		{0C522C84-B5AF-4DB6-96A2-9EFC15C88589}.Debug|x86.ActiveCfg = Debug|x86
		{0C522C84-B5AF-4DB6-96A2-9EFC15C88589}.Debug|x86.Build.0 = Debug|x86
		{0C522C84-B5AF-4DB6-96A2-9EFC15C88589}.Release|Any CPU.ActiveCfg = Debug|Any CPU
		{0C522C84-B5AF-4DB6-96A2-9EFC15C88589}.Release|Any CPU.Build.0 = Debug|Any CPU
		{0C522C84-B5AF-4DB6-96A2-9EFC15C88589}.Release|ARM.ActiveCfg = Release|Any CPU
		{0C522C84-B5AF-4DB6-96A2-9EFC15C88589}.Release|ARM.Build.0 = Release|Any CPU
		{0C522C84-B5AF-4DB6-96A2-9EFC15C88589}.Release|x64.ActiveCfg = Release|Any CPU
		{0C522C84-B5AF-4DB6-96A2-9EFC15C88589}.Release|x64.Build.0 = Release|Any CPU
		{0C522C84-B5AF-4DB6-96A2-9EFC15C88589}.Release|x86.ActiveCfg = Release|x86
		{0C522C84-B5AF-4DB6-96A2-9EFC15C88589}.Release|x86.Build.0 = Release|x86
		{293597CE-CCF7-4C09-9ADD-17BF34C6E86F}.Code Analysis Debug|Any CPU.ActiveCfg = Debug|Any CPU
		{293597CE-CCF7-4C09-9ADD-17BF34C6E86F}.Code Analysis Debug|Any CPU.Build.0 = Debug|Any CPU
		{293597CE-CCF7-4C09-9ADD-17BF34C6E86F}.Code Analysis Debug|ARM.ActiveCfg = Debug|Any CPU
		{293597CE-CCF7-4C09-9ADD-17BF34C6E86F}.Code Analysis Debug|ARM.Build.0 = Debug|Any CPU
		{293597CE-CCF7-4C09-9ADD-17BF34C6E86F}.Code Analysis Debug|x64.ActiveCfg = Debug|Any CPU
		{293597CE-CCF7-4C09-9ADD-17BF34C6E86F}.Code Analysis Debug|x64.Build.0 = Debug|Any CPU
		{293597CE-CCF7-4C09-9ADD-17BF34C6E86F}.Code Analysis Debug|x86.ActiveCfg = Debug|x86
		{293597CE-CCF7-4C09-9ADD-17BF34C6E86F}.Code Analysis Debug|x86.Build.0 = Debug|x86
		{293597CE-CCF7-4C09-9ADD-17BF34C6E86F}.Debug|Any CPU.ActiveCfg = Release|Any CPU
		{293597CE-CCF7-4C09-9ADD-17BF34C6E86F}.Debug|Any CPU.Build.0 = Release|Any CPU
		{293597CE-CCF7-4C09-9ADD-17BF34C6E86F}.Debug|ARM.ActiveCfg = Debug|Any CPU
		{293597CE-CCF7-4C09-9ADD-17BF34C6E86F}.Debug|ARM.Build.0 = Debug|Any CPU
		{293597CE-CCF7-4C09-9ADD-17BF34C6E86F}.Debug|x64.ActiveCfg = Debug|Any CPU
		{293597CE-CCF7-4C09-9ADD-17BF34C6E86F}.Debug|x64.Build.0 = Debug|Any CPU
		{293597CE-CCF7-4C09-9ADD-17BF34C6E86F}.Debug|x86.ActiveCfg = Debug|x86
		{293597CE-CCF7-4C09-9ADD-17BF34C6E86F}.Debug|x86.Build.0 = Debug|x86
		{293597CE-CCF7-4C09-9ADD-17BF34C6E86F}.Release|Any CPU.ActiveCfg = Release|Any CPU
		{293597CE-CCF7-4C09-9ADD-17BF34C6E86F}.Release|Any CPU.Build.0 = Release|Any CPU
		{293597CE-CCF7-4C09-9ADD-17BF34C6E86F}.Release|ARM.ActiveCfg = Release|Any CPU
		{293597CE-CCF7-4C09-9ADD-17BF34C6E86F}.Release|ARM.Build.0 = Release|Any CPU
		{293597CE-CCF7-4C09-9ADD-17BF34C6E86F}.Release|x64.ActiveCfg = Release|Any CPU
		{293597CE-CCF7-4C09-9ADD-17BF34C6E86F}.Release|x64.Build.0 = Release|Any CPU
		{293597CE-CCF7-4C09-9ADD-17BF34C6E86F}.Release|x86.ActiveCfg = Release|x86
		{293597CE-CCF7-4C09-9ADD-17BF34C6E86F}.Release|x86.Build.0 = Release|x86
		{5C411BBF-FCC9-4430-AE08-07666D39FD04}.Code Analysis Debug|Any CPU.ActiveCfg = Debug|Any CPU
		{5C411BBF-FCC9-4430-AE08-07666D39FD04}.Code Analysis Debug|Any CPU.Build.0 = Debug|Any CPU
		{5C411BBF-FCC9-4430-AE08-07666D39FD04}.Code Analysis Debug|ARM.ActiveCfg = Debug|Any CPU
		{5C411BBF-FCC9-4430-AE08-07666D39FD04}.Code Analysis Debug|ARM.Build.0 = Debug|Any CPU
		{5C411BBF-FCC9-4430-AE08-07666D39FD04}.Code Analysis Debug|x64.ActiveCfg = Debug|Any CPU
		{5C411BBF-FCC9-4430-AE08-07666D39FD04}.Code Analysis Debug|x64.Build.0 = Debug|Any CPU
		{5C411BBF-FCC9-4430-AE08-07666D39FD04}.Code Analysis Debug|x86.ActiveCfg = Debug|Any CPU
		{5C411BBF-FCC9-4430-AE08-07666D39FD04}.Code Analysis Debug|x86.Build.0 = Debug|Any CPU
		{5C411BBF-FCC9-4430-AE08-07666D39FD04}.Debug|Any CPU.ActiveCfg = Debug|Any CPU
		{5C411BBF-FCC9-4430-AE08-07666D39FD04}.Debug|Any CPU.Build.0 = Debug|Any CPU
		{5C411BBF-FCC9-4430-AE08-07666D39FD04}.Debug|ARM.ActiveCfg = Debug|Any CPU
		{5C411BBF-FCC9-4430-AE08-07666D39FD04}.Debug|ARM.Build.0 = Debug|Any CPU
		{5C411BBF-FCC9-4430-AE08-07666D39FD04}.Debug|x64.ActiveCfg = Debug|Any CPU
		{5C411BBF-FCC9-4430-AE08-07666D39FD04}.Debug|x64.Build.0 = Debug|Any CPU
		{5C411BBF-FCC9-4430-AE08-07666D39FD04}.Debug|x86.ActiveCfg = Debug|Any CPU
		{5C411BBF-FCC9-4430-AE08-07666D39FD04}.Debug|x86.Build.0 = Debug|Any CPU
		{5C411BBF-FCC9-4430-AE08-07666D39FD04}.Release|Any CPU.ActiveCfg = Release|Any CPU
		{5C411BBF-FCC9-4430-AE08-07666D39FD04}.Release|Any CPU.Build.0 = Release|Any CPU
		{5C411BBF-FCC9-4430-AE08-07666D39FD04}.Release|ARM.ActiveCfg = Release|Any CPU
		{5C411BBF-FCC9-4430-AE08-07666D39FD04}.Release|ARM.Build.0 = Release|Any CPU
		{5C411BBF-FCC9-4430-AE08-07666D39FD04}.Release|x64.ActiveCfg = Release|Any CPU
		{5C411BBF-FCC9-4430-AE08-07666D39FD04}.Release|x64.Build.0 = Release|Any CPU
		{5C411BBF-FCC9-4430-AE08-07666D39FD04}.Release|x86.ActiveCfg = Release|Any CPU
		{5C411BBF-FCC9-4430-AE08-07666D39FD04}.Release|x86.Build.0 = Release|Any CPU
		{771B0933-B811-4002-B455-823C1CC96505}.Code Analysis Debug|Any CPU.ActiveCfg = Debug|Any CPU
		{771B0933-B811-4002-B455-823C1CC96505}.Code Analysis Debug|Any CPU.Build.0 = Debug|Any CPU
		{771B0933-B811-4002-B455-823C1CC96505}.Code Analysis Debug|ARM.ActiveCfg = Debug|Any CPU
		{771B0933-B811-4002-B455-823C1CC96505}.Code Analysis Debug|ARM.Build.0 = Debug|Any CPU
		{771B0933-B811-4002-B455-823C1CC96505}.Code Analysis Debug|x64.ActiveCfg = Debug|x64
		{771B0933-B811-4002-B455-823C1CC96505}.Code Analysis Debug|x64.Build.0 = Debug|x64
		{771B0933-B811-4002-B455-823C1CC96505}.Code Analysis Debug|x86.ActiveCfg = Debug|Any CPU
		{771B0933-B811-4002-B455-823C1CC96505}.Code Analysis Debug|x86.Build.0 = Debug|Any CPU
		{771B0933-B811-4002-B455-823C1CC96505}.Debug|Any CPU.ActiveCfg = Debug|Any CPU
		{771B0933-B811-4002-B455-823C1CC96505}.Debug|Any CPU.Build.0 = Debug|Any CPU
		{771B0933-B811-4002-B455-823C1CC96505}.Debug|ARM.ActiveCfg = Debug|Any CPU
		{771B0933-B811-4002-B455-823C1CC96505}.Debug|ARM.Build.0 = Debug|Any CPU
		{771B0933-B811-4002-B455-823C1CC96505}.Debug|x64.ActiveCfg = Debug|x64
		{771B0933-B811-4002-B455-823C1CC96505}.Debug|x64.Build.0 = Debug|x64
		{771B0933-B811-4002-B455-823C1CC96505}.Debug|x86.ActiveCfg = Debug|Any CPU
		{771B0933-B811-4002-B455-823C1CC96505}.Debug|x86.Build.0 = Debug|Any CPU
		{771B0933-B811-4002-B455-823C1CC96505}.Release|Any CPU.ActiveCfg = Release|Any CPU
		{771B0933-B811-4002-B455-823C1CC96505}.Release|Any CPU.Build.0 = Release|Any CPU
		{771B0933-B811-4002-B455-823C1CC96505}.Release|ARM.ActiveCfg = Release|Any CPU
		{771B0933-B811-4002-B455-823C1CC96505}.Release|ARM.Build.0 = Release|Any CPU
		{771B0933-B811-4002-B455-823C1CC96505}.Release|x64.ActiveCfg = Release|x64
		{771B0933-B811-4002-B455-823C1CC96505}.Release|x64.Build.0 = Release|x64
		{771B0933-B811-4002-B455-823C1CC96505}.Release|x86.ActiveCfg = Release|Any CPU
		{771B0933-B811-4002-B455-823C1CC96505}.Release|x86.Build.0 = Release|Any CPU
		{F81C7549-E3A3-4770-AC3F-3BC7356E61E8}.Code Analysis Debug|Any CPU.ActiveCfg = Debug|Any CPU
		{F81C7549-E3A3-4770-AC3F-3BC7356E61E8}.Code Analysis Debug|Any CPU.Build.0 = Debug|Any CPU
		{F81C7549-E3A3-4770-AC3F-3BC7356E61E8}.Code Analysis Debug|ARM.ActiveCfg = Debug|Any CPU
		{F81C7549-E3A3-4770-AC3F-3BC7356E61E8}.Code Analysis Debug|ARM.Build.0 = Debug|Any CPU
		{F81C7549-E3A3-4770-AC3F-3BC7356E61E8}.Code Analysis Debug|x64.ActiveCfg = Debug|Any CPU
		{F81C7549-E3A3-4770-AC3F-3BC7356E61E8}.Code Analysis Debug|x64.Build.0 = Debug|Any CPU
		{F81C7549-E3A3-4770-AC3F-3BC7356E61E8}.Code Analysis Debug|x86.ActiveCfg = Debug|Any CPU
		{F81C7549-E3A3-4770-AC3F-3BC7356E61E8}.Code Analysis Debug|x86.Build.0 = Debug|Any CPU
		{F81C7549-E3A3-4770-AC3F-3BC7356E61E8}.Debug|Any CPU.ActiveCfg = Debug|Any CPU
		{F81C7549-E3A3-4770-AC3F-3BC7356E61E8}.Debug|Any CPU.Build.0 = Debug|Any CPU
		{F81C7549-E3A3-4770-AC3F-3BC7356E61E8}.Debug|ARM.ActiveCfg = Debug|Any CPU
		{F81C7549-E3A3-4770-AC3F-3BC7356E61E8}.Debug|ARM.Build.0 = Debug|Any CPU
		{F81C7549-E3A3-4770-AC3F-3BC7356E61E8}.Debug|x64.ActiveCfg = Debug|Any CPU
		{F81C7549-E3A3-4770-AC3F-3BC7356E61E8}.Debug|x64.Build.0 = Debug|Any CPU
		{F81C7549-E3A3-4770-AC3F-3BC7356E61E8}.Debug|x86.ActiveCfg = Debug|Any CPU
		{F81C7549-E3A3-4770-AC3F-3BC7356E61E8}.Debug|x86.Build.0 = Debug|Any CPU
		{F81C7549-E3A3-4770-AC3F-3BC7356E61E8}.Release|Any CPU.ActiveCfg = Release|Any CPU
		{F81C7549-E3A3-4770-AC3F-3BC7356E61E8}.Release|Any CPU.Build.0 = Release|Any CPU
		{F81C7549-E3A3-4770-AC3F-3BC7356E61E8}.Release|ARM.ActiveCfg = Release|Any CPU
		{F81C7549-E3A3-4770-AC3F-3BC7356E61E8}.Release|ARM.Build.0 = Release|Any CPU
		{F81C7549-E3A3-4770-AC3F-3BC7356E61E8}.Release|x64.ActiveCfg = Release|Any CPU
		{F81C7549-E3A3-4770-AC3F-3BC7356E61E8}.Release|x64.Build.0 = Release|Any CPU
		{F81C7549-E3A3-4770-AC3F-3BC7356E61E8}.Release|x86.ActiveCfg = Release|Any CPU
		{F81C7549-E3A3-4770-AC3F-3BC7356E61E8}.Release|x86.Build.0 = Release|Any CPU
		{4EA6EED3-0579-4C7C-94EA-52B2AD2A9D39}.Code Analysis Debug|Any CPU.ActiveCfg = Debug|Any CPU
		{4EA6EED3-0579-4C7C-94EA-52B2AD2A9D39}.Code Analysis Debug|Any CPU.Build.0 = Debug|Any CPU
		{4EA6EED3-0579-4C7C-94EA-52B2AD2A9D39}.Code Analysis Debug|ARM.ActiveCfg = Debug|Any CPU
		{4EA6EED3-0579-4C7C-94EA-52B2AD2A9D39}.Code Analysis Debug|ARM.Build.0 = Debug|Any CPU
		{4EA6EED3-0579-4C7C-94EA-52B2AD2A9D39}.Code Analysis Debug|x64.ActiveCfg = Debug|Any CPU
		{4EA6EED3-0579-4C7C-94EA-52B2AD2A9D39}.Code Analysis Debug|x64.Build.0 = Debug|Any CPU
		{4EA6EED3-0579-4C7C-94EA-52B2AD2A9D39}.Code Analysis Debug|x86.ActiveCfg = Debug|Any CPU
		{4EA6EED3-0579-4C7C-94EA-52B2AD2A9D39}.Code Analysis Debug|x86.Build.0 = Debug|Any CPU
		{4EA6EED3-0579-4C7C-94EA-52B2AD2A9D39}.Debug|Any CPU.ActiveCfg = Debug|Any CPU
		{4EA6EED3-0579-4C7C-94EA-52B2AD2A9D39}.Debug|Any CPU.Build.0 = Debug|Any CPU
		{4EA6EED3-0579-4C7C-94EA-52B2AD2A9D39}.Debug|ARM.ActiveCfg = Debug|Any CPU
		{4EA6EED3-0579-4C7C-94EA-52B2AD2A9D39}.Debug|ARM.Build.0 = Debug|Any CPU
		{4EA6EED3-0579-4C7C-94EA-52B2AD2A9D39}.Debug|x64.ActiveCfg = Debug|Any CPU
		{4EA6EED3-0579-4C7C-94EA-52B2AD2A9D39}.Debug|x64.Build.0 = Debug|Any CPU
		{4EA6EED3-0579-4C7C-94EA-52B2AD2A9D39}.Debug|x86.ActiveCfg = Debug|Any CPU
		{4EA6EED3-0579-4C7C-94EA-52B2AD2A9D39}.Debug|x86.Build.0 = Debug|Any CPU
		{4EA6EED3-0579-4C7C-94EA-52B2AD2A9D39}.Release|Any CPU.ActiveCfg = Release|Any CPU
		{4EA6EED3-0579-4C7C-94EA-52B2AD2A9D39}.Release|Any CPU.Build.0 = Release|Any CPU
		{4EA6EED3-0579-4C7C-94EA-52B2AD2A9D39}.Release|ARM.ActiveCfg = Release|Any CPU
		{4EA6EED3-0579-4C7C-94EA-52B2AD2A9D39}.Release|ARM.Build.0 = Release|Any CPU
		{4EA6EED3-0579-4C7C-94EA-52B2AD2A9D39}.Release|x64.ActiveCfg = Release|Any CPU
		{4EA6EED3-0579-4C7C-94EA-52B2AD2A9D39}.Release|x64.Build.0 = Release|Any CPU
		{4EA6EED3-0579-4C7C-94EA-52B2AD2A9D39}.Release|x86.ActiveCfg = Release|Any CPU
		{4EA6EED3-0579-4C7C-94EA-52B2AD2A9D39}.Release|x86.Build.0 = Release|Any CPU
		{A94E3FCA-2FB3-4C79-9F39-5B652B6992F0}.Code Analysis Debug|Any CPU.ActiveCfg = Debug|Any CPU
		{A94E3FCA-2FB3-4C79-9F39-5B652B6992F0}.Code Analysis Debug|Any CPU.Build.0 = Debug|Any CPU
		{A94E3FCA-2FB3-4C79-9F39-5B652B6992F0}.Code Analysis Debug|ARM.ActiveCfg = Debug|Any CPU
		{A94E3FCA-2FB3-4C79-9F39-5B652B6992F0}.Code Analysis Debug|ARM.Build.0 = Debug|Any CPU
		{A94E3FCA-2FB3-4C79-9F39-5B652B6992F0}.Code Analysis Debug|x64.ActiveCfg = Debug|Any CPU
		{A94E3FCA-2FB3-4C79-9F39-5B652B6992F0}.Code Analysis Debug|x64.Build.0 = Debug|Any CPU
		{A94E3FCA-2FB3-4C79-9F39-5B652B6992F0}.Code Analysis Debug|x86.ActiveCfg = Debug|Any CPU
		{A94E3FCA-2FB3-4C79-9F39-5B652B6992F0}.Code Analysis Debug|x86.Build.0 = Debug|Any CPU
		{A94E3FCA-2FB3-4C79-9F39-5B652B6992F0}.Debug|Any CPU.ActiveCfg = Debug|Any CPU
		{A94E3FCA-2FB3-4C79-9F39-5B652B6992F0}.Debug|Any CPU.Build.0 = Debug|Any CPU
		{A94E3FCA-2FB3-4C79-9F39-5B652B6992F0}.Debug|ARM.ActiveCfg = Debug|Any CPU
		{A94E3FCA-2FB3-4C79-9F39-5B652B6992F0}.Debug|ARM.Build.0 = Debug|Any CPU
		{A94E3FCA-2FB3-4C79-9F39-5B652B6992F0}.Debug|x64.ActiveCfg = Debug|Any CPU
		{A94E3FCA-2FB3-4C79-9F39-5B652B6992F0}.Debug|x64.Build.0 = Debug|Any CPU
		{A94E3FCA-2FB3-4C79-9F39-5B652B6992F0}.Debug|x86.ActiveCfg = Debug|Any CPU
		{A94E3FCA-2FB3-4C79-9F39-5B652B6992F0}.Debug|x86.Build.0 = Debug|Any CPU
		{A94E3FCA-2FB3-4C79-9F39-5B652B6992F0}.Release|Any CPU.ActiveCfg = Release|Any CPU
		{A94E3FCA-2FB3-4C79-9F39-5B652B6992F0}.Release|Any CPU.Build.0 = Release|Any CPU
		{A94E3FCA-2FB3-4C79-9F39-5B652B6992F0}.Release|ARM.ActiveCfg = Release|Any CPU
		{A94E3FCA-2FB3-4C79-9F39-5B652B6992F0}.Release|ARM.Build.0 = Release|Any CPU
		{A94E3FCA-2FB3-4C79-9F39-5B652B6992F0}.Release|x64.ActiveCfg = Release|Any CPU
		{A94E3FCA-2FB3-4C79-9F39-5B652B6992F0}.Release|x64.Build.0 = Release|Any CPU
		{A94E3FCA-2FB3-4C79-9F39-5B652B6992F0}.Release|x86.ActiveCfg = Release|Any CPU
		{A94E3FCA-2FB3-4C79-9F39-5B652B6992F0}.Release|x86.Build.0 = Release|Any CPU
		{9C1219E0-E775-47F9-9236-63F03F774801}.Code Analysis Debug|Any CPU.ActiveCfg = Debug|Any CPU
		{9C1219E0-E775-47F9-9236-63F03F774801}.Code Analysis Debug|Any CPU.Build.0 = Debug|Any CPU
		{9C1219E0-E775-47F9-9236-63F03F774801}.Code Analysis Debug|ARM.ActiveCfg = Debug|Any CPU
		{9C1219E0-E775-47F9-9236-63F03F774801}.Code Analysis Debug|ARM.Build.0 = Debug|Any CPU
		{9C1219E0-E775-47F9-9236-63F03F774801}.Code Analysis Debug|x64.ActiveCfg = Debug|Any CPU
		{9C1219E0-E775-47F9-9236-63F03F774801}.Code Analysis Debug|x64.Build.0 = Debug|Any CPU
		{9C1219E0-E775-47F9-9236-63F03F774801}.Code Analysis Debug|x86.ActiveCfg = Debug|Any CPU
		{9C1219E0-E775-47F9-9236-63F03F774801}.Code Analysis Debug|x86.Build.0 = Debug|Any CPU
		{9C1219E0-E775-47F9-9236-63F03F774801}.Debug|Any CPU.ActiveCfg = Debug|Any CPU
		{9C1219E0-E775-47F9-9236-63F03F774801}.Debug|Any CPU.Build.0 = Debug|Any CPU
		{9C1219E0-E775-47F9-9236-63F03F774801}.Debug|ARM.ActiveCfg = Debug|Any CPU
		{9C1219E0-E775-47F9-9236-63F03F774801}.Debug|ARM.Build.0 = Debug|Any CPU
		{9C1219E0-E775-47F9-9236-63F03F774801}.Debug|x64.ActiveCfg = Debug|Any CPU
		{9C1219E0-E775-47F9-9236-63F03F774801}.Debug|x64.Build.0 = Debug|Any CPU
		{9C1219E0-E775-47F9-9236-63F03F774801}.Debug|x86.ActiveCfg = Debug|Any CPU
		{9C1219E0-E775-47F9-9236-63F03F774801}.Debug|x86.Build.0 = Debug|Any CPU
		{9C1219E0-E775-47F9-9236-63F03F774801}.Release|Any CPU.ActiveCfg = Release|Any CPU
		{9C1219E0-E775-47F9-9236-63F03F774801}.Release|Any CPU.Build.0 = Release|Any CPU
		{9C1219E0-E775-47F9-9236-63F03F774801}.Release|ARM.ActiveCfg = Release|Any CPU
		{9C1219E0-E775-47F9-9236-63F03F774801}.Release|ARM.Build.0 = Release|Any CPU
		{9C1219E0-E775-47F9-9236-63F03F774801}.Release|x64.ActiveCfg = Release|Any CPU
		{9C1219E0-E775-47F9-9236-63F03F774801}.Release|x64.Build.0 = Release|Any CPU
		{9C1219E0-E775-47F9-9236-63F03F774801}.Release|x86.ActiveCfg = Release|Any CPU
		{9C1219E0-E775-47F9-9236-63F03F774801}.Release|x86.Build.0 = Release|Any CPU
		{1CEB5743-70BF-475E-91BC-0AEBD63835B7}.Code Analysis Debug|Any CPU.ActiveCfg = Debug|Any CPU
		{1CEB5743-70BF-475E-91BC-0AEBD63835B7}.Code Analysis Debug|Any CPU.Build.0 = Debug|Any CPU
		{1CEB5743-70BF-475E-91BC-0AEBD63835B7}.Code Analysis Debug|ARM.ActiveCfg = Debug|Any CPU
		{1CEB5743-70BF-475E-91BC-0AEBD63835B7}.Code Analysis Debug|ARM.Build.0 = Debug|Any CPU
		{1CEB5743-70BF-475E-91BC-0AEBD63835B7}.Code Analysis Debug|x64.ActiveCfg = Debug|Any CPU
		{1CEB5743-70BF-475E-91BC-0AEBD63835B7}.Code Analysis Debug|x64.Build.0 = Debug|Any CPU
		{1CEB5743-70BF-475E-91BC-0AEBD63835B7}.Code Analysis Debug|x86.ActiveCfg = Debug|Any CPU
		{1CEB5743-70BF-475E-91BC-0AEBD63835B7}.Code Analysis Debug|x86.Build.0 = Debug|Any CPU
		{1CEB5743-70BF-475E-91BC-0AEBD63835B7}.Debug|Any CPU.ActiveCfg = Debug|Any CPU
		{1CEB5743-70BF-475E-91BC-0AEBD63835B7}.Debug|Any CPU.Build.0 = Debug|Any CPU
		{1CEB5743-70BF-475E-91BC-0AEBD63835B7}.Debug|ARM.ActiveCfg = Debug|Any CPU
		{1CEB5743-70BF-475E-91BC-0AEBD63835B7}.Debug|ARM.Build.0 = Debug|Any CPU
		{1CEB5743-70BF-475E-91BC-0AEBD63835B7}.Debug|x64.ActiveCfg = Debug|Any CPU
		{1CEB5743-70BF-475E-91BC-0AEBD63835B7}.Debug|x64.Build.0 = Debug|Any CPU
		{1CEB5743-70BF-475E-91BC-0AEBD63835B7}.Debug|x86.ActiveCfg = Debug|Any CPU
		{1CEB5743-70BF-475E-91BC-0AEBD63835B7}.Debug|x86.Build.0 = Debug|Any CPU
		{1CEB5743-70BF-475E-91BC-0AEBD63835B7}.Release|Any CPU.ActiveCfg = Release|Any CPU
		{1CEB5743-70BF-475E-91BC-0AEBD63835B7}.Release|Any CPU.Build.0 = Release|Any CPU
		{1CEB5743-70BF-475E-91BC-0AEBD63835B7}.Release|ARM.ActiveCfg = Release|Any CPU
		{1CEB5743-70BF-475E-91BC-0AEBD63835B7}.Release|ARM.Build.0 = Release|Any CPU
		{1CEB5743-70BF-475E-91BC-0AEBD63835B7}.Release|x64.ActiveCfg = Release|Any CPU
		{1CEB5743-70BF-475E-91BC-0AEBD63835B7}.Release|x64.Build.0 = Release|Any CPU
		{1CEB5743-70BF-475E-91BC-0AEBD63835B7}.Release|x86.ActiveCfg = Release|Any CPU
		{1CEB5743-70BF-475E-91BC-0AEBD63835B7}.Release|x86.Build.0 = Release|Any CPU
		{599833DC-EC5A-40CA-B5CF-DEF719548EEF}.Code Analysis Debug|Any CPU.ActiveCfg = Debug|Any CPU
		{599833DC-EC5A-40CA-B5CF-DEF719548EEF}.Code Analysis Debug|Any CPU.Build.0 = Debug|Any CPU
		{599833DC-EC5A-40CA-B5CF-DEF719548EEF}.Code Analysis Debug|ARM.ActiveCfg = Debug|Any CPU
		{599833DC-EC5A-40CA-B5CF-DEF719548EEF}.Code Analysis Debug|ARM.Build.0 = Debug|Any CPU
		{599833DC-EC5A-40CA-B5CF-DEF719548EEF}.Code Analysis Debug|x64.ActiveCfg = Debug|Any CPU
		{599833DC-EC5A-40CA-B5CF-DEF719548EEF}.Code Analysis Debug|x64.Build.0 = Debug|Any CPU
		{599833DC-EC5A-40CA-B5CF-DEF719548EEF}.Code Analysis Debug|x86.ActiveCfg = Debug|Any CPU
		{599833DC-EC5A-40CA-B5CF-DEF719548EEF}.Code Analysis Debug|x86.Build.0 = Debug|Any CPU
		{599833DC-EC5A-40CA-B5CF-DEF719548EEF}.Debug|Any CPU.ActiveCfg = Debug|Any CPU
		{599833DC-EC5A-40CA-B5CF-DEF719548EEF}.Debug|Any CPU.Build.0 = Debug|Any CPU
		{599833DC-EC5A-40CA-B5CF-DEF719548EEF}.Debug|ARM.ActiveCfg = Debug|Any CPU
		{599833DC-EC5A-40CA-B5CF-DEF719548EEF}.Debug|ARM.Build.0 = Debug|Any CPU
		{599833DC-EC5A-40CA-B5CF-DEF719548EEF}.Debug|x64.ActiveCfg = Debug|Any CPU
		{599833DC-EC5A-40CA-B5CF-DEF719548EEF}.Debug|x64.Build.0 = Debug|Any CPU
		{599833DC-EC5A-40CA-B5CF-DEF719548EEF}.Debug|x86.ActiveCfg = Debug|Any CPU
		{599833DC-EC5A-40CA-B5CF-DEF719548EEF}.Debug|x86.Build.0 = Debug|Any CPU
		{599833DC-EC5A-40CA-B5CF-DEF719548EEF}.Release|Any CPU.ActiveCfg = Release|Any CPU
		{599833DC-EC5A-40CA-B5CF-DEF719548EEF}.Release|Any CPU.Build.0 = Release|Any CPU
		{599833DC-EC5A-40CA-B5CF-DEF719548EEF}.Release|ARM.ActiveCfg = Release|Any CPU
		{599833DC-EC5A-40CA-B5CF-DEF719548EEF}.Release|ARM.Build.0 = Release|Any CPU
		{599833DC-EC5A-40CA-B5CF-DEF719548EEF}.Release|x64.ActiveCfg = Release|Any CPU
		{599833DC-EC5A-40CA-B5CF-DEF719548EEF}.Release|x64.Build.0 = Release|Any CPU
		{599833DC-EC5A-40CA-B5CF-DEF719548EEF}.Release|x86.ActiveCfg = Release|Any CPU
		{599833DC-EC5A-40CA-B5CF-DEF719548EEF}.Release|x86.Build.0 = Release|Any CPU
		{E3C630FE-AF89-4C95-B1B9-2409B1107208}.Code Analysis Debug|Any CPU.ActiveCfg = Debug|Any CPU
		{E3C630FE-AF89-4C95-B1B9-2409B1107208}.Code Analysis Debug|Any CPU.Build.0 = Debug|Any CPU
		{E3C630FE-AF89-4C95-B1B9-2409B1107208}.Code Analysis Debug|ARM.ActiveCfg = Debug|Any CPU
		{E3C630FE-AF89-4C95-B1B9-2409B1107208}.Code Analysis Debug|ARM.Build.0 = Debug|Any CPU
		{E3C630FE-AF89-4C95-B1B9-2409B1107208}.Code Analysis Debug|x64.ActiveCfg = Debug|Any CPU
		{E3C630FE-AF89-4C95-B1B9-2409B1107208}.Code Analysis Debug|x64.Build.0 = Debug|Any CPU
		{E3C630FE-AF89-4C95-B1B9-2409B1107208}.Code Analysis Debug|x86.ActiveCfg = Debug|Any CPU
		{E3C630FE-AF89-4C95-B1B9-2409B1107208}.Code Analysis Debug|x86.Build.0 = Debug|Any CPU
		{E3C630FE-AF89-4C95-B1B9-2409B1107208}.Debug|Any CPU.ActiveCfg = Debug|Any CPU
		{E3C630FE-AF89-4C95-B1B9-2409B1107208}.Debug|Any CPU.Build.0 = Debug|Any CPU
		{E3C630FE-AF89-4C95-B1B9-2409B1107208}.Debug|ARM.ActiveCfg = Debug|Any CPU
		{E3C630FE-AF89-4C95-B1B9-2409B1107208}.Debug|ARM.Build.0 = Debug|Any CPU
		{E3C630FE-AF89-4C95-B1B9-2409B1107208}.Debug|x64.ActiveCfg = Debug|Any CPU
		{E3C630FE-AF89-4C95-B1B9-2409B1107208}.Debug|x64.Build.0 = Debug|Any CPU
		{E3C630FE-AF89-4C95-B1B9-2409B1107208}.Debug|x86.ActiveCfg = Debug|Any CPU
		{E3C630FE-AF89-4C95-B1B9-2409B1107208}.Debug|x86.Build.0 = Debug|Any CPU
		{E3C630FE-AF89-4C95-B1B9-2409B1107208}.Release|Any CPU.ActiveCfg = Release|Any CPU
		{E3C630FE-AF89-4C95-B1B9-2409B1107208}.Release|Any CPU.Build.0 = Release|Any CPU
		{E3C630FE-AF89-4C95-B1B9-2409B1107208}.Release|ARM.ActiveCfg = Release|Any CPU
		{E3C630FE-AF89-4C95-B1B9-2409B1107208}.Release|ARM.Build.0 = Release|Any CPU
		{E3C630FE-AF89-4C95-B1B9-2409B1107208}.Release|x64.ActiveCfg = Release|Any CPU
		{E3C630FE-AF89-4C95-B1B9-2409B1107208}.Release|x64.Build.0 = Release|Any CPU
		{E3C630FE-AF89-4C95-B1B9-2409B1107208}.Release|x86.ActiveCfg = Release|Any CPU
		{E3C630FE-AF89-4C95-B1B9-2409B1107208}.Release|x86.Build.0 = Release|Any CPU
		{FA7C719F-A400-45AF-8091-7C23435617A8}.Code Analysis Debug|Any CPU.ActiveCfg = Debug|Any CPU
		{FA7C719F-A400-45AF-8091-7C23435617A8}.Code Analysis Debug|Any CPU.Build.0 = Debug|Any CPU
		{FA7C719F-A400-45AF-8091-7C23435617A8}.Code Analysis Debug|ARM.ActiveCfg = Debug|Any CPU
		{FA7C719F-A400-45AF-8091-7C23435617A8}.Code Analysis Debug|ARM.Build.0 = Debug|Any CPU
		{FA7C719F-A400-45AF-8091-7C23435617A8}.Code Analysis Debug|x64.ActiveCfg = Debug|Any CPU
		{FA7C719F-A400-45AF-8091-7C23435617A8}.Code Analysis Debug|x64.Build.0 = Debug|Any CPU
		{FA7C719F-A400-45AF-8091-7C23435617A8}.Code Analysis Debug|x86.ActiveCfg = Debug|Any CPU
		{FA7C719F-A400-45AF-8091-7C23435617A8}.Code Analysis Debug|x86.Build.0 = Debug|Any CPU
		{FA7C719F-A400-45AF-8091-7C23435617A8}.Debug|Any CPU.ActiveCfg = Debug|Any CPU
		{FA7C719F-A400-45AF-8091-7C23435617A8}.Debug|Any CPU.Build.0 = Debug|Any CPU
		{FA7C719F-A400-45AF-8091-7C23435617A8}.Debug|ARM.ActiveCfg = Debug|Any CPU
		{FA7C719F-A400-45AF-8091-7C23435617A8}.Debug|ARM.Build.0 = Debug|Any CPU
		{FA7C719F-A400-45AF-8091-7C23435617A8}.Debug|x64.ActiveCfg = Debug|Any CPU
		{FA7C719F-A400-45AF-8091-7C23435617A8}.Debug|x64.Build.0 = Debug|Any CPU
		{FA7C719F-A400-45AF-8091-7C23435617A8}.Debug|x86.ActiveCfg = Debug|Any CPU
		{FA7C719F-A400-45AF-8091-7C23435617A8}.Debug|x86.Build.0 = Debug|Any CPU
		{FA7C719F-A400-45AF-8091-7C23435617A8}.Release|Any CPU.ActiveCfg = Release|Any CPU
		{FA7C719F-A400-45AF-8091-7C23435617A8}.Release|Any CPU.Build.0 = Release|Any CPU
		{FA7C719F-A400-45AF-8091-7C23435617A8}.Release|ARM.ActiveCfg = Release|Any CPU
		{FA7C719F-A400-45AF-8091-7C23435617A8}.Release|ARM.Build.0 = Release|Any CPU
		{FA7C719F-A400-45AF-8091-7C23435617A8}.Release|x64.ActiveCfg = Release|Any CPU
		{FA7C719F-A400-45AF-8091-7C23435617A8}.Release|x64.Build.0 = Release|Any CPU
		{FA7C719F-A400-45AF-8091-7C23435617A8}.Release|x86.ActiveCfg = Release|Any CPU
		{FA7C719F-A400-45AF-8091-7C23435617A8}.Release|x86.Build.0 = Release|Any CPU
		{0A4A76DD-FEE1-4D04-926B-38E1A24A7ED2}.Code Analysis Debug|Any CPU.ActiveCfg = Debug|Any CPU
		{0A4A76DD-FEE1-4D04-926B-38E1A24A7ED2}.Code Analysis Debug|Any CPU.Build.0 = Debug|Any CPU
		{0A4A76DD-FEE1-4D04-926B-38E1A24A7ED2}.Code Analysis Debug|ARM.ActiveCfg = Debug|Any CPU
		{0A4A76DD-FEE1-4D04-926B-38E1A24A7ED2}.Code Analysis Debug|ARM.Build.0 = Debug|Any CPU
		{0A4A76DD-FEE1-4D04-926B-38E1A24A7ED2}.Code Analysis Debug|x64.ActiveCfg = Debug|Any CPU
		{0A4A76DD-FEE1-4D04-926B-38E1A24A7ED2}.Code Analysis Debug|x64.Build.0 = Debug|Any CPU
		{0A4A76DD-FEE1-4D04-926B-38E1A24A7ED2}.Code Analysis Debug|x86.ActiveCfg = Debug|Any CPU
		{0A4A76DD-FEE1-4D04-926B-38E1A24A7ED2}.Code Analysis Debug|x86.Build.0 = Debug|Any CPU
		{0A4A76DD-FEE1-4D04-926B-38E1A24A7ED2}.Debug|Any CPU.ActiveCfg = Debug|Any CPU
		{0A4A76DD-FEE1-4D04-926B-38E1A24A7ED2}.Debug|Any CPU.Build.0 = Debug|Any CPU
		{0A4A76DD-FEE1-4D04-926B-38E1A24A7ED2}.Debug|ARM.ActiveCfg = Debug|Any CPU
		{0A4A76DD-FEE1-4D04-926B-38E1A24A7ED2}.Debug|ARM.Build.0 = Debug|Any CPU
		{0A4A76DD-FEE1-4D04-926B-38E1A24A7ED2}.Debug|x64.ActiveCfg = Debug|Any CPU
		{0A4A76DD-FEE1-4D04-926B-38E1A24A7ED2}.Debug|x64.Build.0 = Debug|Any CPU
		{0A4A76DD-FEE1-4D04-926B-38E1A24A7ED2}.Debug|x86.ActiveCfg = Debug|Any CPU
		{0A4A76DD-FEE1-4D04-926B-38E1A24A7ED2}.Debug|x86.Build.0 = Debug|Any CPU
		{0A4A76DD-FEE1-4D04-926B-38E1A24A7ED2}.Release|Any CPU.ActiveCfg = Release|Any CPU
		{0A4A76DD-FEE1-4D04-926B-38E1A24A7ED2}.Release|Any CPU.Build.0 = Release|Any CPU
		{0A4A76DD-FEE1-4D04-926B-38E1A24A7ED2}.Release|ARM.ActiveCfg = Release|Any CPU
		{0A4A76DD-FEE1-4D04-926B-38E1A24A7ED2}.Release|ARM.Build.0 = Release|Any CPU
		{0A4A76DD-FEE1-4D04-926B-38E1A24A7ED2}.Release|x64.ActiveCfg = Release|Any CPU
		{0A4A76DD-FEE1-4D04-926B-38E1A24A7ED2}.Release|x64.Build.0 = Release|Any CPU
		{0A4A76DD-FEE1-4D04-926B-38E1A24A7ED2}.Release|x86.ActiveCfg = Release|Any CPU
		{0A4A76DD-FEE1-4D04-926B-38E1A24A7ED2}.Release|x86.Build.0 = Release|Any CPU
		{A82770C0-1FF5-43C7-8790-471D5E4F8D6E}.Code Analysis Debug|Any CPU.ActiveCfg = Debug|Any CPU
		{A82770C0-1FF5-43C7-8790-471D5E4F8D6E}.Code Analysis Debug|Any CPU.Build.0 = Debug|Any CPU
		{A82770C0-1FF5-43C7-8790-471D5E4F8D6E}.Code Analysis Debug|ARM.ActiveCfg = Debug|Any CPU
		{A82770C0-1FF5-43C7-8790-471D5E4F8D6E}.Code Analysis Debug|ARM.Build.0 = Debug|Any CPU
		{A82770C0-1FF5-43C7-8790-471D5E4F8D6E}.Code Analysis Debug|x64.ActiveCfg = Debug|Any CPU
		{A82770C0-1FF5-43C7-8790-471D5E4F8D6E}.Code Analysis Debug|x64.Build.0 = Debug|Any CPU
		{A82770C0-1FF5-43C7-8790-471D5E4F8D6E}.Code Analysis Debug|x86.ActiveCfg = Debug|Any CPU
		{A82770C0-1FF5-43C7-8790-471D5E4F8D6E}.Code Analysis Debug|x86.Build.0 = Debug|Any CPU
		{A82770C0-1FF5-43C7-8790-471D5E4F8D6E}.Debug|Any CPU.ActiveCfg = Debug|Any CPU
		{A82770C0-1FF5-43C7-8790-471D5E4F8D6E}.Debug|Any CPU.Build.0 = Debug|Any CPU
		{A82770C0-1FF5-43C7-8790-471D5E4F8D6E}.Debug|ARM.ActiveCfg = Debug|Any CPU
		{A82770C0-1FF5-43C7-8790-471D5E4F8D6E}.Debug|ARM.Build.0 = Debug|Any CPU
		{A82770C0-1FF5-43C7-8790-471D5E4F8D6E}.Debug|x64.ActiveCfg = Debug|Any CPU
		{A82770C0-1FF5-43C7-8790-471D5E4F8D6E}.Debug|x64.Build.0 = Debug|Any CPU
		{A82770C0-1FF5-43C7-8790-471D5E4F8D6E}.Debug|x86.ActiveCfg = Debug|Any CPU
		{A82770C0-1FF5-43C7-8790-471D5E4F8D6E}.Debug|x86.Build.0 = Debug|Any CPU
		{A82770C0-1FF5-43C7-8790-471D5E4F8D6E}.Release|Any CPU.ActiveCfg = Release|Any CPU
		{A82770C0-1FF5-43C7-8790-471D5E4F8D6E}.Release|Any CPU.Build.0 = Release|Any CPU
		{A82770C0-1FF5-43C7-8790-471D5E4F8D6E}.Release|ARM.ActiveCfg = Release|Any CPU
		{A82770C0-1FF5-43C7-8790-471D5E4F8D6E}.Release|ARM.Build.0 = Release|Any CPU
		{A82770C0-1FF5-43C7-8790-471D5E4F8D6E}.Release|x64.ActiveCfg = Release|Any CPU
		{A82770C0-1FF5-43C7-8790-471D5E4F8D6E}.Release|x64.Build.0 = Release|Any CPU
		{A82770C0-1FF5-43C7-8790-471D5E4F8D6E}.Release|x86.ActiveCfg = Release|Any CPU
		{A82770C0-1FF5-43C7-8790-471D5E4F8D6E}.Release|x86.Build.0 = Release|Any CPU
		{4004757A-0080-4410-B90A-6169B20F151B}.Code Analysis Debug|Any CPU.ActiveCfg = Debug|Any CPU
		{4004757A-0080-4410-B90A-6169B20F151B}.Code Analysis Debug|Any CPU.Build.0 = Debug|Any CPU
		{4004757A-0080-4410-B90A-6169B20F151B}.Code Analysis Debug|ARM.ActiveCfg = Debug|Any CPU
		{4004757A-0080-4410-B90A-6169B20F151B}.Code Analysis Debug|ARM.Build.0 = Debug|Any CPU
		{4004757A-0080-4410-B90A-6169B20F151B}.Code Analysis Debug|x64.ActiveCfg = Debug|Any CPU
		{4004757A-0080-4410-B90A-6169B20F151B}.Code Analysis Debug|x64.Build.0 = Debug|Any CPU
		{4004757A-0080-4410-B90A-6169B20F151B}.Code Analysis Debug|x86.ActiveCfg = Debug|Any CPU
		{4004757A-0080-4410-B90A-6169B20F151B}.Code Analysis Debug|x86.Build.0 = Debug|Any CPU
		{4004757A-0080-4410-B90A-6169B20F151B}.Debug|Any CPU.ActiveCfg = Debug|Any CPU
		{4004757A-0080-4410-B90A-6169B20F151B}.Debug|Any CPU.Build.0 = Debug|Any CPU
		{4004757A-0080-4410-B90A-6169B20F151B}.Debug|ARM.ActiveCfg = Debug|Any CPU
		{4004757A-0080-4410-B90A-6169B20F151B}.Debug|ARM.Build.0 = Debug|Any CPU
		{4004757A-0080-4410-B90A-6169B20F151B}.Debug|x64.ActiveCfg = Debug|Any CPU
		{4004757A-0080-4410-B90A-6169B20F151B}.Debug|x64.Build.0 = Debug|Any CPU
		{4004757A-0080-4410-B90A-6169B20F151B}.Debug|x86.ActiveCfg = Debug|Any CPU
		{4004757A-0080-4410-B90A-6169B20F151B}.Debug|x86.Build.0 = Debug|Any CPU
		{4004757A-0080-4410-B90A-6169B20F151B}.Release|Any CPU.ActiveCfg = Release|Any CPU
		{4004757A-0080-4410-B90A-6169B20F151B}.Release|Any CPU.Build.0 = Release|Any CPU
		{4004757A-0080-4410-B90A-6169B20F151B}.Release|ARM.ActiveCfg = Release|Any CPU
		{4004757A-0080-4410-B90A-6169B20F151B}.Release|ARM.Build.0 = Release|Any CPU
		{4004757A-0080-4410-B90A-6169B20F151B}.Release|x64.ActiveCfg = Release|Any CPU
		{4004757A-0080-4410-B90A-6169B20F151B}.Release|x64.Build.0 = Release|Any CPU
		{4004757A-0080-4410-B90A-6169B20F151B}.Release|x86.ActiveCfg = Release|Any CPU
		{4004757A-0080-4410-B90A-6169B20F151B}.Release|x86.Build.0 = Release|Any CPU
		{2979FAA1-4786-43E8-B2E1-F01A0A91FECC}.Code Analysis Debug|Any CPU.ActiveCfg = Debug|Any CPU
		{2979FAA1-4786-43E8-B2E1-F01A0A91FECC}.Code Analysis Debug|Any CPU.Build.0 = Debug|Any CPU
		{2979FAA1-4786-43E8-B2E1-F01A0A91FECC}.Code Analysis Debug|ARM.ActiveCfg = Debug|Any CPU
		{2979FAA1-4786-43E8-B2E1-F01A0A91FECC}.Code Analysis Debug|ARM.Build.0 = Debug|Any CPU
		{2979FAA1-4786-43E8-B2E1-F01A0A91FECC}.Code Analysis Debug|x64.ActiveCfg = Debug|Any CPU
		{2979FAA1-4786-43E8-B2E1-F01A0A91FECC}.Code Analysis Debug|x64.Build.0 = Debug|Any CPU
		{2979FAA1-4786-43E8-B2E1-F01A0A91FECC}.Code Analysis Debug|x86.ActiveCfg = Debug|Any CPU
		{2979FAA1-4786-43E8-B2E1-F01A0A91FECC}.Code Analysis Debug|x86.Build.0 = Debug|Any CPU
		{2979FAA1-4786-43E8-B2E1-F01A0A91FECC}.Debug|Any CPU.ActiveCfg = Debug|Any CPU
		{2979FAA1-4786-43E8-B2E1-F01A0A91FECC}.Debug|Any CPU.Build.0 = Debug|Any CPU
		{2979FAA1-4786-43E8-B2E1-F01A0A91FECC}.Debug|ARM.ActiveCfg = Debug|Any CPU
		{2979FAA1-4786-43E8-B2E1-F01A0A91FECC}.Debug|ARM.Build.0 = Debug|Any CPU
		{2979FAA1-4786-43E8-B2E1-F01A0A91FECC}.Debug|x64.ActiveCfg = Debug|Any CPU
		{2979FAA1-4786-43E8-B2E1-F01A0A91FECC}.Debug|x64.Build.0 = Debug|Any CPU
		{2979FAA1-4786-43E8-B2E1-F01A0A91FECC}.Debug|x86.ActiveCfg = Debug|Any CPU
		{2979FAA1-4786-43E8-B2E1-F01A0A91FECC}.Debug|x86.Build.0 = Debug|Any CPU
		{2979FAA1-4786-43E8-B2E1-F01A0A91FECC}.Release|Any CPU.ActiveCfg = Release|Any CPU
		{2979FAA1-4786-43E8-B2E1-F01A0A91FECC}.Release|Any CPU.Build.0 = Release|Any CPU
		{2979FAA1-4786-43E8-B2E1-F01A0A91FECC}.Release|ARM.ActiveCfg = Release|Any CPU
		{2979FAA1-4786-43E8-B2E1-F01A0A91FECC}.Release|ARM.Build.0 = Release|Any CPU
		{2979FAA1-4786-43E8-B2E1-F01A0A91FECC}.Release|x64.ActiveCfg = Release|Any CPU
		{2979FAA1-4786-43E8-B2E1-F01A0A91FECC}.Release|x64.Build.0 = Release|Any CPU
		{2979FAA1-4786-43E8-B2E1-F01A0A91FECC}.Release|x86.ActiveCfg = Release|Any CPU
		{2979FAA1-4786-43E8-B2E1-F01A0A91FECC}.Release|x86.Build.0 = Release|Any CPU
		{655001BB-C00F-4EF7-A324-7F7C48656D35}.Code Analysis Debug|Any CPU.ActiveCfg = Debug|Any CPU
		{655001BB-C00F-4EF7-A324-7F7C48656D35}.Code Analysis Debug|Any CPU.Build.0 = Debug|Any CPU
		{655001BB-C00F-4EF7-A324-7F7C48656D35}.Code Analysis Debug|ARM.ActiveCfg = Debug|Any CPU
		{655001BB-C00F-4EF7-A324-7F7C48656D35}.Code Analysis Debug|ARM.Build.0 = Debug|Any CPU
		{655001BB-C00F-4EF7-A324-7F7C48656D35}.Code Analysis Debug|x64.ActiveCfg = Debug|Any CPU
		{655001BB-C00F-4EF7-A324-7F7C48656D35}.Code Analysis Debug|x64.Build.0 = Debug|Any CPU
		{655001BB-C00F-4EF7-A324-7F7C48656D35}.Code Analysis Debug|x86.ActiveCfg = Debug|Any CPU
		{655001BB-C00F-4EF7-A324-7F7C48656D35}.Code Analysis Debug|x86.Build.0 = Debug|Any CPU
		{655001BB-C00F-4EF7-A324-7F7C48656D35}.Debug|Any CPU.ActiveCfg = Debug|Any CPU
		{655001BB-C00F-4EF7-A324-7F7C48656D35}.Debug|Any CPU.Build.0 = Debug|Any CPU
		{655001BB-C00F-4EF7-A324-7F7C48656D35}.Debug|ARM.ActiveCfg = Debug|Any CPU
		{655001BB-C00F-4EF7-A324-7F7C48656D35}.Debug|ARM.Build.0 = Debug|Any CPU
		{655001BB-C00F-4EF7-A324-7F7C48656D35}.Debug|x64.ActiveCfg = Debug|Any CPU
		{655001BB-C00F-4EF7-A324-7F7C48656D35}.Debug|x64.Build.0 = Debug|Any CPU
		{655001BB-C00F-4EF7-A324-7F7C48656D35}.Debug|x86.ActiveCfg = Debug|Any CPU
		{655001BB-C00F-4EF7-A324-7F7C48656D35}.Debug|x86.Build.0 = Debug|Any CPU
		{655001BB-C00F-4EF7-A324-7F7C48656D35}.Release|Any CPU.ActiveCfg = Release|Any CPU
		{655001BB-C00F-4EF7-A324-7F7C48656D35}.Release|Any CPU.Build.0 = Release|Any CPU
		{655001BB-C00F-4EF7-A324-7F7C48656D35}.Release|ARM.ActiveCfg = Release|Any CPU
		{655001BB-C00F-4EF7-A324-7F7C48656D35}.Release|ARM.Build.0 = Release|Any CPU
		{655001BB-C00F-4EF7-A324-7F7C48656D35}.Release|x64.ActiveCfg = Release|Any CPU
		{655001BB-C00F-4EF7-A324-7F7C48656D35}.Release|x64.Build.0 = Release|Any CPU
		{655001BB-C00F-4EF7-A324-7F7C48656D35}.Release|x86.ActiveCfg = Release|Any CPU
		{655001BB-C00F-4EF7-A324-7F7C48656D35}.Release|x86.Build.0 = Release|Any CPU
		{4004757A-0082-4410-B94A-6166B20F153C}.Code Analysis Debug|Any CPU.ActiveCfg = Debug|Any CPU
		{4004757A-0082-4410-B94A-6166B20F153C}.Code Analysis Debug|Any CPU.Build.0 = Debug|Any CPU
		{4004757A-0082-4410-B94A-6166B20F153C}.Code Analysis Debug|ARM.ActiveCfg = Debug|Any CPU
		{4004757A-0082-4410-B94A-6166B20F153C}.Code Analysis Debug|ARM.Build.0 = Debug|Any CPU
		{4004757A-0082-4410-B94A-6166B20F153C}.Code Analysis Debug|x64.ActiveCfg = Debug|Any CPU
		{4004757A-0082-4410-B94A-6166B20F153C}.Code Analysis Debug|x64.Build.0 = Debug|Any CPU
		{4004757A-0082-4410-B94A-6166B20F153C}.Code Analysis Debug|x86.ActiveCfg = Debug|Any CPU
		{4004757A-0082-4410-B94A-6166B20F153C}.Code Analysis Debug|x86.Build.0 = Debug|Any CPU
		{4004757A-0082-4410-B94A-6166B20F153C}.Debug|Any CPU.ActiveCfg = Debug|Any CPU
		{4004757A-0082-4410-B94A-6166B20F153C}.Debug|Any CPU.Build.0 = Debug|Any CPU
		{4004757A-0082-4410-B94A-6166B20F153C}.Debug|ARM.ActiveCfg = Debug|Any CPU
		{4004757A-0082-4410-B94A-6166B20F153C}.Debug|ARM.Build.0 = Debug|Any CPU
		{4004757A-0082-4410-B94A-6166B20F153C}.Debug|x64.ActiveCfg = Debug|Any CPU
		{4004757A-0082-4410-B94A-6166B20F153C}.Debug|x64.Build.0 = Debug|Any CPU
		{4004757A-0082-4410-B94A-6166B20F153C}.Debug|x86.ActiveCfg = Debug|Any CPU
		{4004757A-0082-4410-B94A-6166B20F153C}.Debug|x86.Build.0 = Debug|Any CPU
		{4004757A-0082-4410-B94A-6166B20F153C}.Release|Any CPU.ActiveCfg = Release|Any CPU
		{4004757A-0082-4410-B94A-6166B20F153C}.Release|Any CPU.Build.0 = Release|Any CPU
		{4004757A-0082-4410-B94A-6166B20F153C}.Release|ARM.ActiveCfg = Release|Any CPU
		{4004757A-0082-4410-B94A-6166B20F153C}.Release|ARM.Build.0 = Release|Any CPU
		{4004757A-0082-4410-B94A-6166B20F153C}.Release|x64.ActiveCfg = Release|Any CPU
		{4004757A-0082-4410-B94A-6166B20F153C}.Release|x64.Build.0 = Release|Any CPU
		{4004757A-0082-4410-B94A-6166B20F153C}.Release|x86.ActiveCfg = Release|Any CPU
		{4004757A-0082-4410-B94A-6166B20F153C}.Release|x86.Build.0 = Release|Any CPU
		{CD0CA7CD-CED3-45FF-9F36-B1C8DF7A9220}.Code Analysis Debug|Any CPU.ActiveCfg = Debug|Any CPU
		{CD0CA7CD-CED3-45FF-9F36-B1C8DF7A9220}.Code Analysis Debug|Any CPU.Build.0 = Debug|Any CPU
		{CD0CA7CD-CED3-45FF-9F36-B1C8DF7A9220}.Code Analysis Debug|ARM.ActiveCfg = Debug|Any CPU
		{CD0CA7CD-CED3-45FF-9F36-B1C8DF7A9220}.Code Analysis Debug|ARM.Build.0 = Debug|Any CPU
		{CD0CA7CD-CED3-45FF-9F36-B1C8DF7A9220}.Code Analysis Debug|x64.ActiveCfg = Debug|Any CPU
		{CD0CA7CD-CED3-45FF-9F36-B1C8DF7A9220}.Code Analysis Debug|x64.Build.0 = Debug|Any CPU
		{CD0CA7CD-CED3-45FF-9F36-B1C8DF7A9220}.Code Analysis Debug|x86.ActiveCfg = Debug|Any CPU
		{CD0CA7CD-CED3-45FF-9F36-B1C8DF7A9220}.Code Analysis Debug|x86.Build.0 = Debug|Any CPU
		{CD0CA7CD-CED3-45FF-9F36-B1C8DF7A9220}.Debug|Any CPU.ActiveCfg = Debug|Any CPU
		{CD0CA7CD-CED3-45FF-9F36-B1C8DF7A9220}.Debug|Any CPU.Build.0 = Debug|Any CPU
		{CD0CA7CD-CED3-45FF-9F36-B1C8DF7A9220}.Debug|ARM.ActiveCfg = Debug|Any CPU
		{CD0CA7CD-CED3-45FF-9F36-B1C8DF7A9220}.Debug|ARM.Build.0 = Debug|Any CPU
		{CD0CA7CD-CED3-45FF-9F36-B1C8DF7A9220}.Debug|x64.ActiveCfg = Debug|Any CPU
		{CD0CA7CD-CED3-45FF-9F36-B1C8DF7A9220}.Debug|x64.Build.0 = Debug|Any CPU
		{CD0CA7CD-CED3-45FF-9F36-B1C8DF7A9220}.Debug|x86.ActiveCfg = Debug|Any CPU
		{CD0CA7CD-CED3-45FF-9F36-B1C8DF7A9220}.Debug|x86.Build.0 = Debug|Any CPU
		{CD0CA7CD-CED3-45FF-9F36-B1C8DF7A9220}.Release|Any CPU.ActiveCfg = Release|Any CPU
		{CD0CA7CD-CED3-45FF-9F36-B1C8DF7A9220}.Release|Any CPU.Build.0 = Release|Any CPU
		{CD0CA7CD-CED3-45FF-9F36-B1C8DF7A9220}.Release|ARM.ActiveCfg = Release|Any CPU
		{CD0CA7CD-CED3-45FF-9F36-B1C8DF7A9220}.Release|ARM.Build.0 = Release|Any CPU
		{CD0CA7CD-CED3-45FF-9F36-B1C8DF7A9220}.Release|x64.ActiveCfg = Release|Any CPU
		{CD0CA7CD-CED3-45FF-9F36-B1C8DF7A9220}.Release|x64.Build.0 = Release|Any CPU
		{CD0CA7CD-CED3-45FF-9F36-B1C8DF7A9220}.Release|x86.ActiveCfg = Release|Any CPU
		{CD0CA7CD-CED3-45FF-9F36-B1C8DF7A9220}.Release|x86.Build.0 = Release|Any CPU
	EndGlobalSection
	GlobalSection(SolutionProperties) = preSolution
		HideSolutionNode = FALSE
	EndGlobalSection
	GlobalSection(NestedProjects) = preSolution
		{24088844-2107-4DB2-8F3F-CBCA94FC4B28} = {FF8B1B72-55A1-4FFE-809E-7B79323ED8D0}
		{98BA6D2C-1F3D-4636-8E1D-D4932B7A253D} = {24088844-2107-4DB2-8F3F-CBCA94FC4B28}
		{BBC99A6B-4490-49DD-9C12-AF2C1E95576E} = {24088844-2107-4DB2-8F3F-CBCA94FC4B28}
		{58BDD63D-5E58-4D23-BDF5-592E5E03D29D} = {24088844-2107-4DB2-8F3F-CBCA94FC4B28}
		{5D153CAA-80C2-4551-9549-6C406FCEEFB1} = {24088844-2107-4DB2-8F3F-CBCA94FC4B28}
		{E48AC786-E150-4F41-9A16-32F02E4493D8} = {FF8B1B72-55A1-4FFE-809E-7B79323ED8D0}
		{7252D9E3-267D-442C-96BC-C73AEF3241D6} = {E48AC786-E150-4F41-9A16-32F02E4493D8}
		{B0FCE474-14BC-449A-91EA-A433342C0D63} = {24088844-2107-4DB2-8F3F-CBCA94FC4B28}
		{A7EA583B-A2B0-47DA-A058-458F247C7575} = {E48AC786-E150-4F41-9A16-32F02E4493D8}
		{6C9FE494-8315-4667-B3F6-75DC62A62319} = {E48AC786-E150-4F41-9A16-32F02E4493D8}
		{F2D0BF2C-38F2-4244-80E3-4AAD1C3F4C89} = {A9596292-7E67-4566-9096-143DDAA4E8D8}
		{272CA5E1-8E81-4825-9E47-86CCE02F700D} = {E48AC786-E150-4F41-9A16-32F02E4493D8}
		{DF131865-84EE-4540-8112-E88ACEBDEA09} = {E48AC786-E150-4F41-9A16-32F02E4493D8}
		{F1A27537-78D1-4BBD-8E76-ADB31BC0C2B4} = {A9596292-7E67-4566-9096-143DDAA4E8D8}
		{D53BD452-F69F-4FB3-8B98-386EDA28A4C8} = {F1A27537-78D1-4BBD-8E76-ADB31BC0C2B4}
		{0C139DA9-AA81-43A0-8625-7A873C0E2873} = {D53BD452-F69F-4FB3-8B98-386EDA28A4C8}
		{C6AC27D2-975B-4CF3-B16B-9C17907B2268} = {D53BD452-F69F-4FB3-8B98-386EDA28A4C8}
		{0C522C84-B5AF-4DB6-96A2-9EFC15C88589} = {D53BD452-F69F-4FB3-8B98-386EDA28A4C8}
		{293597CE-CCF7-4C09-9ADD-17BF34C6E86F} = {D53BD452-F69F-4FB3-8B98-386EDA28A4C8}
		{1A9F8CEF-7C03-40BD-B33C-1453114F9ABD} = {A9596292-7E67-4566-9096-143DDAA4E8D8}
		{1899187D-8B9C-40C2-9F04-9E9A76C9A919} = {1A9F8CEF-7C03-40BD-B33C-1453114F9ABD}
		{5C411BBF-FCC9-4430-AE08-07666D39FD04} = {1899187D-8B9C-40C2-9F04-9E9A76C9A919}
		{771B0933-B811-4002-B455-823C1CC96505} = {1899187D-8B9C-40C2-9F04-9E9A76C9A919}
		{33D3029D-E653-4929-BB31-C714178C4BEE} = {A9596292-7E67-4566-9096-143DDAA4E8D8}
		{F81C7549-E3A3-4770-AC3F-3BC7356E61E8} = {33D3029D-E653-4929-BB31-C714178C4BEE}
		{C6F38A55-2B8E-4C5D-A49A-2D0B9D4F10C8} = {A9596292-7E67-4566-9096-143DDAA4E8D8}
		{CA01DAF5-8D9D-496E-9AD3-94BB7FBB2D34} = {24088844-2107-4DB2-8F3F-CBCA94FC4B28}
		{3B88BD67-C767-466D-8C9C-C14681544B84} = {CA01DAF5-8D9D-496E-9AD3-94BB7FBB2D34}
		{DEDA0A36-BC06-403A-BE01-EB04CA7C662C} = {CA01DAF5-8D9D-496E-9AD3-94BB7FBB2D34}
		{89314305-F815-4969-9B1B-8AEDE109DEC4} = {CA01DAF5-8D9D-496E-9AD3-94BB7FBB2D34}
		{E374A3A6-C364-4890-B315-D60F5C682B6E} = {FF8B1B72-55A1-4FFE-809E-7B79323ED8D0}
		{4EA6EED3-0579-4C7C-94EA-52B2AD2A9D39} = {1A9F8CEF-7C03-40BD-B33C-1453114F9ABD}
		{A94E3FCA-2FB3-4C79-9F39-5B652B6992F0} = {F1A27537-78D1-4BBD-8E76-ADB31BC0C2B4}
		{9C1219E0-E775-47F9-9236-63F03F774801} = {F1A27537-78D1-4BBD-8E76-ADB31BC0C2B4}
		{1CEB5743-70BF-475E-91BC-0AEBD63835B7} = {F2D0BF2C-38F2-4244-80E3-4AAD1C3F4C89}
		{599833DC-EC5A-40CA-B5CF-DEF719548EEF} = {F2D0BF2C-38F2-4244-80E3-4AAD1C3F4C89}
		{E3C630FE-AF89-4C95-B1B9-2409B1107208} = {F2D0BF2C-38F2-4244-80E3-4AAD1C3F4C89}
		{FA7C719F-A400-45AF-8091-7C23435617A8} = {F2D0BF2C-38F2-4244-80E3-4AAD1C3F4C89}
		{0A4A76DD-FEE1-4D04-926B-38E1A24A7ED2} = {C6F38A55-2B8E-4C5D-A49A-2D0B9D4F10C8}
		{1701E9E5-E06B-45FE-B860-6A83BBAEE6A9} = {929A3EDE-893B-4801-82BA-01FD947291CB}
		{FE0DF239-0D81-46CA-9277-3342009E83F9} = {929A3EDE-893B-4801-82BA-01FD947291CB}
		{F60B647A-E14C-48AF-9BD6-89F44EB60115} = {929A3EDE-893B-4801-82BA-01FD947291CB}
		{BCF525B1-E67F-486D-B091-06A8BB8A2793} = {929A3EDE-893B-4801-82BA-01FD947291CB}
		{A82770C0-1FF5-43C7-8790-471D5E4F8D6E} = {92F8E9A2-903E-4025-99BC-7DC478D5466D}
		{4004757A-0080-4410-B90A-6169B20F151B} = {D53BD452-F69F-4FB3-8B98-386EDA28A4C8}
		{2979FAA1-4786-43E8-B2E1-F01A0A91FECC} = {24088844-2107-4DB2-8F3F-CBCA94FC4B28}
		{655001BB-C00F-4EF7-A324-7F7C48656D35} = {F2D0BF2C-38F2-4244-80E3-4AAD1C3F4C89}
		{4004757A-0082-4410-B94A-6166B20F153C} = {D53BD452-F69F-4FB3-8B98-386EDA28A4C8}
		{CD0CA7CD-CED3-45FF-9F36-B1C8DF7A9220} = {D53BD452-F69F-4FB3-8B98-386EDA28A4C8}
	EndGlobalSection
	GlobalSection(ExtensibilityGlobals) = postSolution
		SolutionGuid = {31E0F4D5-975A-41CC-933E-545B2201FAF9}
	EndGlobalSection
EndGlobal
