# .copilot/curate/manifest.lock.yml — generated by gh-copilot-curate.
# Do not edit by hand: re-run "gh copilot-curate" commands to regenerate.
version: 1
managedBy: gh-copilot-curate
toolVersion: 0.6.0 (commit 87f35bd, built 2026-06-04T11:24:56Z)
generatedAt: 2026-06-04T11:28:05.4344191Z
manifestHash: sha256:18fdca9646cd0dad5e68e46c272054a10bebc02fe77975919252362e053c18dd
plugins:
    - id: dotnet-msbuild
      source:
        type: github
        host: github.com
        owner: dotnet
        repo: skills
      requestedRef: v1.0.0
      resolvedRef: cb7c10bd32b250459632df9e6fa1350cdaf00b18
      layout: dotnet-skills
      install:
        mode: summary
      files:
        - path: .agents/skills/binlog-failure-analysis/SKILL.md
          upstreamPath: plugins/dotnet-msbuild/skills/binlog-failure-analysis/SKILL.md
          upstreamHash: sha256:aabd2fb6bc4c0420abc7f07b93cad4a232c89c24657a6330be573c926652dacf
          localHash: sha256:aabd2fb6bc4c0420abc7f07b93cad4a232c89c24657a6330be573c926652dacf
          mode: "0666"
        - path: .agents/skills/binlog-generation/SKILL.md
          upstreamPath: plugins/dotnet-msbuild/skills/binlog-generation/SKILL.md
          upstreamHash: sha256:8eca333273d6d62e6fd5b35fc09311f1b18f7eef1563c0e00fc22df2ebdbab7a
          localHash: sha256:8eca333273d6d62e6fd5b35fc09311f1b18f7eef1563c0e00fc22df2ebdbab7a
          mode: "0666"
        - path: .agents/skills/build-parallelism/SKILL.md
          upstreamPath: plugins/dotnet-msbuild/skills/build-parallelism/SKILL.md
          upstreamHash: sha256:1ab598951555e947101f56223c607eb4c427ffb554cdb0cc814631c4d81afcdb
          localHash: sha256:1ab598951555e947101f56223c607eb4c427ffb554cdb0cc814631c4d81afcdb
          mode: "0666"
        - path: .agents/skills/build-perf-baseline/SKILL.md
          upstreamPath: plugins/dotnet-msbuild/skills/build-perf-baseline/SKILL.md
          upstreamHash: sha256:1a3cd59d78560306c674d4df9d79400b5eb64a7476cb7fac580f77f03dfee327
          localHash: sha256:1a3cd59d78560306c674d4df9d79400b5eb64a7476cb7fac580f77f03dfee327
          mode: "0666"
        - path: .agents/skills/build-perf-diagnostics/SKILL.md
          upstreamPath: plugins/dotnet-msbuild/skills/build-perf-diagnostics/SKILL.md
          upstreamHash: sha256:30eef66ca88168a9fa549e39ef0ac53c7b5145d30df0df11c50ccb8ef6549d4a
          localHash: sha256:30eef66ca88168a9fa549e39ef0ac53c7b5145d30df0df11c50ccb8ef6549d4a
          mode: "0666"
        - path: .agents/skills/check-bin-obj-clash/SKILL.md
          upstreamPath: plugins/dotnet-msbuild/skills/check-bin-obj-clash/SKILL.md
          upstreamHash: sha256:8e385958c5dc7485f3bbe181f2e7beded1714b44bcb40b792656ac6d7688b551
          localHash: sha256:8e385958c5dc7485f3bbe181f2e7beded1714b44bcb40b792656ac6d7688b551
          mode: "0666"
        - path: .agents/skills/directory-build-organization/SKILL.md
          upstreamPath: plugins/dotnet-msbuild/skills/directory-build-organization/SKILL.md
          upstreamHash: sha256:b98c70fc0c944f8f04e72a73a1def8a211e32dff4d8d6b878e6e63cdbadd5fa1
          localHash: sha256:b98c70fc0c944f8f04e72a73a1def8a211e32dff4d8d6b878e6e63cdbadd5fa1
          mode: "0666"
        - path: .agents/skills/directory-build-organization/references/common-patterns.md
          upstreamPath: plugins/dotnet-msbuild/skills/directory-build-organization/references/common-patterns.md
          upstreamHash: sha256:6e651cb87034e162e8a966228cbf837612e434c564fd7f9928d38ef44a12e7f3
          localHash: sha256:6e651cb87034e162e8a966228cbf837612e434c564fd7f9928d38ef44a12e7f3
          mode: "0666"
        - path: .agents/skills/directory-build-organization/references/multi-level-examples.md
          upstreamPath: plugins/dotnet-msbuild/skills/directory-build-organization/references/multi-level-examples.md
          upstreamHash: sha256:fe290659856efbf803e8be4e4f85f5b408c0fcc323505215c7f76f0f364e07be
          localHash: sha256:fe290659856efbf803e8be4e4f85f5b408c0fcc323505215c7f76f0f364e07be
          mode: "0666"
        - path: .agents/skills/directory-build-organization/references/targetframework-props-pitfall.md
          upstreamPath: plugins/dotnet-msbuild/skills/directory-build-organization/references/targetframework-props-pitfall.md
          upstreamHash: sha256:a5f0b84a3138e5fdf1fdf103268493006756a1c86312952926f3a10c3e5dd738
          localHash: sha256:a5f0b84a3138e5fdf1fdf103268493006756a1c86312952926f3a10c3e5dd738
          mode: "0666"
        - path: .agents/skills/eval-performance/SKILL.md
          upstreamPath: plugins/dotnet-msbuild/skills/eval-performance/SKILL.md
          upstreamHash: sha256:94396d112e18e4159da2a8e860d33d0c81a2f7dac7399adcf4917208dee8f8d3
          localHash: sha256:94396d112e18e4159da2a8e860d33d0c81a2f7dac7399adcf4917208dee8f8d3
          mode: "0666"
        - path: .agents/skills/including-generated-files/SKILL.md
          upstreamPath: plugins/dotnet-msbuild/skills/including-generated-files/SKILL.md
          upstreamHash: sha256:f1137c0be40c08a440381031defc39446cbef19d32cc854b57cbab8ce663eb48
          localHash: sha256:f1137c0be40c08a440381031defc39446cbef19d32cc854b57cbab8ce663eb48
          mode: "0666"
        - path: .agents/skills/incremental-build/SKILL.md
          upstreamPath: plugins/dotnet-msbuild/skills/incremental-build/SKILL.md
          upstreamHash: sha256:a52ca68c8e638799c8bf6fff1aca1243dbeb3ac22ad6755f54d2fa3e151d58c0
          localHash: sha256:a52ca68c8e638799c8bf6fff1aca1243dbeb3ac22ad6755f54d2fa3e151d58c0
          mode: "0666"
        - path: .agents/skills/msbuild-antipatterns/SKILL.md
          upstreamPath: plugins/dotnet-msbuild/skills/msbuild-antipatterns/SKILL.md
          upstreamHash: sha256:aa4fb1b963c3472368bb02db382f12e7905eb8c38feeca9c16e8a60b49982444
          localHash: sha256:aa4fb1b963c3472368bb02db382f12e7905eb8c38feeca9c16e8a60b49982444
          mode: "0666"
        - path: .agents/skills/msbuild-antipatterns/references/additional-antipatterns.md
          upstreamPath: plugins/dotnet-msbuild/skills/msbuild-antipatterns/references/additional-antipatterns.md
          upstreamHash: sha256:b30451e3464cb33c01a17e4d42811523c023ac896d8241baa885f733b711ebbe
          localHash: sha256:b30451e3464cb33c01a17e4d42811523c023ac896d8241baa885f733b711ebbe
          mode: "0666"
        - path: .agents/skills/msbuild-antipatterns/references/incremental-build-inputs-outputs.md
          upstreamPath: plugins/dotnet-msbuild/skills/msbuild-antipatterns/references/incremental-build-inputs-outputs.md
          upstreamHash: sha256:006a123ea16f95aeb216ae9e2a59be48fc82f15e66ecccdbb92fdcf03b05fdc4
          localHash: sha256:006a123ea16f95aeb216ae9e2a59be48fc82f15e66ecccdbb92fdcf03b05fdc4
          mode: "0666"
        - path: .agents/skills/msbuild-antipatterns/references/private-assets.md
          upstreamPath: plugins/dotnet-msbuild/skills/msbuild-antipatterns/references/private-assets.md
          upstreamHash: sha256:1e678c0ef9667d9df92ff71ca12737ac3a4ed26050d73e5197a2478356e0b4f5
          localHash: sha256:1e678c0ef9667d9df92ff71ca12737ac3a4ed26050d73e5197a2478356e0b4f5
          mode: "0666"
        - path: .agents/skills/msbuild-modernization/SKILL.md
          upstreamPath: plugins/dotnet-msbuild/skills/msbuild-modernization/SKILL.md
          upstreamHash: sha256:07eedfe130763d8b275af4bb833449950f9a54ceb610a2f8235bbd51f30572d8
          localHash: sha256:07eedfe130763d8b275af4bb833449950f9a54ceb610a2f8235bbd51f30572d8
          mode: "0666"
        - path: .agents/skills/msbuild-server/SKILL.md
          upstreamPath: plugins/dotnet-msbuild/skills/msbuild-server/SKILL.md
          upstreamHash: sha256:4a8e41bdc9aca845a3e4a4c3770b4a3f83c06203ea11fa9538adba2e18d60af2
          localHash: sha256:4a8e41bdc9aca845a3e4a4c3770b4a3f83c06203ea11fa9538adba2e18d60af2
          mode: "0666"
        - path: .agents/skills/resolve-project-references/SKILL.md
          upstreamPath: plugins/dotnet-msbuild/skills/resolve-project-references/SKILL.md
          upstreamHash: sha256:ef39d5e6901a6811ccb9f4d1699fd6ec9026dde7d6a42edbde447927e63a9aab
          localHash: sha256:ef39d5e6901a6811ccb9f4d1699fd6ec9026dde7d6a42edbde447927e63a9aab
          mode: "0666"
        - path: .github/agents/build-perf.agent.md
          upstreamPath: plugins/dotnet-msbuild/agents/build-perf.agent.md
          upstreamHash: sha256:6ed68b50b2d40e6bca4607f95c6155d2b39c98b48087113c788b92e8c7fe4262
          localHash: sha256:6ed68b50b2d40e6bca4607f95c6155d2b39c98b48087113c788b92e8c7fe4262
          mode: "0666"
        - path: .github/agents/msbuild-code-review.agent.md
          upstreamPath: plugins/dotnet-msbuild/agents/msbuild-code-review.agent.md
          upstreamHash: sha256:4b7b73b468ab2d89ac85fa44e07b15186ccb143d03c96cba3309eb5d5c44a4fd
          localHash: sha256:4b7b73b468ab2d89ac85fa44e07b15186ccb143d03c96cba3309eb5d5c44a4fd
          mode: "0666"
        - path: .github/agents/msbuild.agent.md
          upstreamPath: plugins/dotnet-msbuild/agents/msbuild.agent.md
          upstreamHash: sha256:368bc1d1020563778bbe84288330fa889541affa4e153fd40bdeb1fe1918d356
          localHash: sha256:368bc1d1020563778bbe84288330fa889541affa4e153fd40bdeb1fe1918d356
          mode: "0666"
    - id: dotnet-test
      source:
        type: github
        host: github.com
        owner: dotnet
        repo: skills
      requestedRef: v1.0.0
      resolvedRef: cb7c10bd32b250459632df9e6fa1350cdaf00b18
      layout: dotnet-skills
      install:
        mode: summary
      files:
        - path: .agents/skills/code-testing-agent/SKILL.md
          upstreamPath: plugins/dotnet-test/skills/code-testing-agent/SKILL.md
          upstreamHash: sha256:39f4bd351707ddc8c11c31b032cc6ca5534a929df91d7721f2b633df88d83162
          localHash: sha256:39f4bd351707ddc8c11c31b032cc6ca5534a929df91d7721f2b633df88d83162
          mode: "0666"
        - path: .agents/skills/code-testing-agent/extensions/dotnet.md
          upstreamPath: plugins/dotnet-test/skills/code-testing-agent/extensions/dotnet.md
          upstreamHash: sha256:4ec6daf1b4cff64a9b85519f128f55b0c7622a219b388d9ff68086bf9da10eec
          localHash: sha256:4ec6daf1b4cff64a9b85519f128f55b0c7622a219b388d9ff68086bf9da10eec
          mode: "0666"
        - path: .agents/skills/code-testing-agent/unit-test-generation.prompt.md
          upstreamPath: plugins/dotnet-test/skills/code-testing-agent/unit-test-generation.prompt.md
          upstreamHash: sha256:8555931d27eae33f41fd40af068544c6dd70f1734fd8caf5181f870af020a36c
          localHash: sha256:8555931d27eae33f41fd40af068544c6dd70f1734fd8caf5181f870af020a36c
          mode: "0666"
        - path: .agents/skills/coverage-analysis/SKILL.md
          upstreamPath: plugins/dotnet-test/skills/coverage-analysis/SKILL.md
          upstreamHash: sha256:05cb5d83729050f863a6fb4c1f95484d88497ac51480823713a4ef3a362a17ff
          localHash: sha256:05cb5d83729050f863a6fb4c1f95484d88497ac51480823713a4ef3a362a17ff
          mode: "0666"
        - path: .agents/skills/coverage-analysis/references/guidelines.md
          upstreamPath: plugins/dotnet-test/skills/coverage-analysis/references/guidelines.md
          upstreamHash: sha256:ebf84571fa6bab02e19257302f17f46819a462a6f050bf0184dc79543f9a7ced
          localHash: sha256:ebf84571fa6bab02e19257302f17f46819a462a6f050bf0184dc79543f9a7ced
          mode: "0666"
        - path: .agents/skills/coverage-analysis/references/output-format.md
          upstreamPath: plugins/dotnet-test/skills/coverage-analysis/references/output-format.md
          upstreamHash: sha256:fa2baa2ac5307fbde4fb817f25d30e583c6023686e708d28750a64f609566c5e
          localHash: sha256:fa2baa2ac5307fbde4fb817f25d30e583c6023686e708d28750a64f609566c5e
          mode: "0666"
        - path: .agents/skills/coverage-analysis/scripts/Compute-CrapScores.ps1
          upstreamPath: plugins/dotnet-test/skills/coverage-analysis/scripts/Compute-CrapScores.ps1
          upstreamHash: sha256:29cafeea3d0d85e9a0e09c74972db1799cb0f7abbeb64be6e437d865b86a7bf7
          localHash: sha256:29cafeea3d0d85e9a0e09c74972db1799cb0f7abbeb64be6e437d865b86a7bf7
          mode: "0666"
        - path: .agents/skills/coverage-analysis/scripts/Extract-MethodCoverage.ps1
          upstreamPath: plugins/dotnet-test/skills/coverage-analysis/scripts/Extract-MethodCoverage.ps1
          upstreamHash: sha256:37b3c6377dd5f654f2a0b88ceaeb4c77d8798134cbb0c9584532e7b2835f6f5b
          localHash: sha256:37b3c6377dd5f654f2a0b88ceaeb4c77d8798134cbb0c9584532e7b2835f6f5b
          mode: "0666"
        - path: .agents/skills/crap-score/SKILL.md
          upstreamPath: plugins/dotnet-test/skills/crap-score/SKILL.md
          upstreamHash: sha256:effa2762dd27d5a282ca53f19c919d690744680ef4ac3072b5bc98e713333ca4
          localHash: sha256:effa2762dd27d5a282ca53f19c919d690744680ef4ac3072b5bc98e713333ca4
          mode: "0666"
        - path: .agents/skills/detect-static-dependencies/SKILL.md
          upstreamPath: plugins/dotnet-test/skills/detect-static-dependencies/SKILL.md
          upstreamHash: sha256:3dc5a6715f70eac688313d9815365a1f1cd34e56154030d58e631eb6d2272a64
          localHash: sha256:3dc5a6715f70eac688313d9815365a1f1cd34e56154030d58e631eb6d2272a64
          mode: "0666"
        - path: .agents/skills/dotnet-test-frameworks/SKILL.md
          upstreamPath: plugins/dotnet-test/skills/dotnet-test-frameworks/SKILL.md
          upstreamHash: sha256:24ea84fd509d4570a8bdc5a188ee695d73b00cb2e9936c73ed004c0456721670
          localHash: sha256:24ea84fd509d4570a8bdc5a188ee695d73b00cb2e9936c73ed004c0456721670
          mode: "0666"
        - path: .agents/skills/filter-syntax/SKILL.md
          upstreamPath: plugins/dotnet-test/skills/filter-syntax/SKILL.md
          upstreamHash: sha256:67c5562c257d7f1e23390adf1bec68cd2d101d6a7b384aae0ebf2339251b4824
          localHash: sha256:67c5562c257d7f1e23390adf1bec68cd2d101d6a7b384aae0ebf2339251b4824
          mode: "0666"
        - path: .agents/skills/generate-testability-wrappers/SKILL.md
          upstreamPath: plugins/dotnet-test/skills/generate-testability-wrappers/SKILL.md
          upstreamHash: sha256:75784d8481c374a84fec6685cfc147520c352deb32e04647f3da5980bfc835ca
          localHash: sha256:75784d8481c374a84fec6685cfc147520c352deb32e04647f3da5980bfc835ca
          mode: "0666"
        - path: .agents/skills/migrate-mstest-v1v2-to-v3/SKILL.md
          upstreamPath: plugins/dotnet-test/skills/migrate-mstest-v1v2-to-v3/SKILL.md
          upstreamHash: sha256:9dc3887a72e17b473013a93a520824aedec422518fc6901e098a6197ff2aac1f
          localHash: sha256:9dc3887a72e17b473013a93a520824aedec422518fc6901e098a6197ff2aac1f
          mode: "0666"
        - path: .agents/skills/migrate-mstest-v3-to-v4/SKILL.md
          upstreamPath: plugins/dotnet-test/skills/migrate-mstest-v3-to-v4/SKILL.md
          upstreamHash: sha256:3b67f393c465c2553cfab769188b1a370074a3350f436146030be72a2d60f9ff
          localHash: sha256:3b67f393c465c2553cfab769188b1a370074a3350f436146030be72a2d60f9ff
          mode: "0666"
        - path: .agents/skills/migrate-static-to-wrapper/SKILL.md
          upstreamPath: plugins/dotnet-test/skills/migrate-static-to-wrapper/SKILL.md
          upstreamHash: sha256:12a94cfc265d424f5e256f7ac3c7974facd9fa28e77afe612605c58f4da28dcb
          localHash: sha256:12a94cfc265d424f5e256f7ac3c7974facd9fa28e77afe612605c58f4da28dcb
          mode: "0666"
        - path: .agents/skills/migrate-vstest-to-mtp/SKILL.md
          upstreamPath: plugins/dotnet-test/skills/migrate-vstest-to-mtp/SKILL.md
          upstreamHash: sha256:4183b4b2463fa6ec82216d61335c45ee82d2109a29ba63878569a2572baae8a3
          localHash: sha256:4183b4b2463fa6ec82216d61335c45ee82d2109a29ba63878569a2572baae8a3
          mode: "0666"
        - path: .agents/skills/migrate-xunit-to-xunit-v3/SKILL.md
          upstreamPath: plugins/dotnet-test/skills/migrate-xunit-to-xunit-v3/SKILL.md
          upstreamHash: sha256:d0fdc362155a1d66d173e8c6a63766ebf7d2302d0b6900d2bd06ee8d31ca1d3b
          localHash: sha256:d0fdc362155a1d66d173e8c6a63766ebf7d2302d0b6900d2bd06ee8d31ca1d3b
          mode: "0666"
        - path: .agents/skills/mtp-hot-reload/SKILL.md
          upstreamPath: plugins/dotnet-test/skills/mtp-hot-reload/SKILL.md
          upstreamHash: sha256:93f42c2f4324c058dc5bb79173ab317fd49b979c1135daf2e4025f7f0f5924ef
          localHash: sha256:93f42c2f4324c058dc5bb79173ab317fd49b979c1135daf2e4025f7f0f5924ef
          mode: "0666"
        - path: .agents/skills/platform-detection/SKILL.md
          upstreamPath: plugins/dotnet-test/skills/platform-detection/SKILL.md
          upstreamHash: sha256:b51cca9f5b2e4299eb0f90a362757a874acca4deb834768023a460377ebf1b70
          localHash: sha256:b51cca9f5b2e4299eb0f90a362757a874acca4deb834768023a460377ebf1b70
          mode: "0666"
        - path: .agents/skills/run-tests/SKILL.md
          upstreamPath: plugins/dotnet-test/skills/run-tests/SKILL.md
          upstreamHash: sha256:2cbb908b309ef2f2205fac0068885627ed96a90ad51ca833af27430b1ba209a3
          localHash: sha256:2cbb908b309ef2f2205fac0068885627ed96a90ad51ca833af27430b1ba209a3
          mode: "0666"
        - path: .agents/skills/test-anti-patterns/SKILL.md
          upstreamPath: plugins/dotnet-test/skills/test-anti-patterns/SKILL.md
          upstreamHash: sha256:a0ed15bdd7e2b91b5e7170d470967d653b2fa94f49fe502988f3e9bd245d15ae
          localHash: sha256:a0ed15bdd7e2b91b5e7170d470967d653b2fa94f49fe502988f3e9bd245d15ae
          mode: "0666"
        - path: .agents/skills/writing-mstest-tests/SKILL.md
          upstreamPath: plugins/dotnet-test/skills/writing-mstest-tests/SKILL.md
          upstreamHash: sha256:2b64c9b4ae8d8347c2a34d7850450bb648dc4e14bc6d07c47725271544ec91cf
          localHash: sha256:2b64c9b4ae8d8347c2a34d7850450bb648dc4e14bc6d07c47725271544ec91cf
          mode: "0666"
        - path: .github/agents/code-testing-builder.agent.md
          upstreamPath: plugins/dotnet-test/agents/code-testing-builder.agent.md
          upstreamHash: sha256:0f69c327f057da1a51904a798268e712f819ab082a08a24cc82b37f812c80590
          localHash: sha256:0f69c327f057da1a51904a798268e712f819ab082a08a24cc82b37f812c80590
          mode: "0666"
        - path: .github/agents/code-testing-fixer.agent.md
          upstreamPath: plugins/dotnet-test/agents/code-testing-fixer.agent.md
          upstreamHash: sha256:7a69125f47d7ee149d33ffa0b0711433364ed9bfcfd3ddbf6eff01fcc3350a4a
          localHash: sha256:7a69125f47d7ee149d33ffa0b0711433364ed9bfcfd3ddbf6eff01fcc3350a4a
          mode: "0666"
        - path: .github/agents/code-testing-generator.agent.md
          upstreamPath: plugins/dotnet-test/agents/code-testing-generator.agent.md
          upstreamHash: sha256:b205c2c2e206bba318826d30f63b0967ec2ac0bb1b766cb8664ed92b90a17ba7
          localHash: sha256:b205c2c2e206bba318826d30f63b0967ec2ac0bb1b766cb8664ed92b90a17ba7
          mode: "0666"
        - path: .github/agents/code-testing-implementer.agent.md
          upstreamPath: plugins/dotnet-test/agents/code-testing-implementer.agent.md
          upstreamHash: sha256:c1f5e58479f1f65138781abbf5684de157898edb7c71b7e3fa71ab8f46121cd7
          localHash: sha256:c1f5e58479f1f65138781abbf5684de157898edb7c71b7e3fa71ab8f46121cd7
          mode: "0666"
        - path: .github/agents/code-testing-linter.agent.md
          upstreamPath: plugins/dotnet-test/agents/code-testing-linter.agent.md
          upstreamHash: sha256:98d555d7f9d247c5c625ccf9fa27b00f98cdd1d81188c1fc7a939234e57a1360
          localHash: sha256:98d555d7f9d247c5c625ccf9fa27b00f98cdd1d81188c1fc7a939234e57a1360
          mode: "0666"
        - path: .github/agents/code-testing-planner.agent.md
          upstreamPath: plugins/dotnet-test/agents/code-testing-planner.agent.md
          upstreamHash: sha256:9dbaa9fadc59940858fb4b846c68f4842600ab92978cf57f1fdeb4db344fce1c
          localHash: sha256:9dbaa9fadc59940858fb4b846c68f4842600ab92978cf57f1fdeb4db344fce1c
          mode: "0666"
        - path: .github/agents/code-testing-researcher.agent.md
          upstreamPath: plugins/dotnet-test/agents/code-testing-researcher.agent.md
          upstreamHash: sha256:7469ce826d53b86b6c9e26c057d9a8053f7182ee7bf9c08d15fa0fbf6ac23ce9
          localHash: sha256:7469ce826d53b86b6c9e26c057d9a8053f7182ee7bf9c08d15fa0fbf6ac23ce9
          mode: "0666"
        - path: .github/agents/code-testing-tester.agent.md
          upstreamPath: plugins/dotnet-test/agents/code-testing-tester.agent.md
          upstreamHash: sha256:915ebf5e6b081ec80b32efec390aa51ac098c58c5699dbfd704b6bd9e90934ef
          localHash: sha256:915ebf5e6b081ec80b32efec390aa51ac098c58c5699dbfd704b6bd9e90934ef
          mode: "0666"
        - path: .github/agents/test-migration.agent.md
          upstreamPath: plugins/dotnet-test/agents/test-migration.agent.md
          upstreamHash: sha256:6d441c6b46c9420c3404f027d10394ed35948ca6a68ffe42a957876b2d1d7a21
          localHash: sha256:6d441c6b46c9420c3404f027d10394ed35948ca6a68ffe42a957876b2d1d7a21
          mode: "0666"
        - path: .github/agents/test-quality-auditor.agent.md
          upstreamPath: plugins/dotnet-test/agents/test-quality-auditor.agent.md
          upstreamHash: sha256:03ccdce2f4d89884c63625782e2e64d97c4be60fa9b0c1eb4bcf2bcbe4fff679
          localHash: sha256:03ccdce2f4d89884c63625782e2e64d97c4be60fa9b0c1eb4bcf2bcbe4fff679
          mode: "0666"
        - path: .github/agents/testability-migration.agent.md
          upstreamPath: plugins/dotnet-test/agents/testability-migration.agent.md
          upstreamHash: sha256:f482e483ad7ccac20c9a39a1eebb6e505f72d86febe21e564c1753acc79a0c4d
          localHash: sha256:f482e483ad7ccac20c9a39a1eebb6e505f72d86febe21e564c1753acc79a0c4d
          mode: "0666"
