
Microsoft Visual Studio Solution File, Format Version 12.00
# Visual Studio 15
VisualStudioVersion = 15.0.26012.0
MinimumVisualStudioVersion = 10.0.40219.1
Project("{FAE04EC0-301F-11D3-BF4B-00C04F79EFBC}") = "ClassLibrary1", "ClassLibrary1\ClassLibrary1.csproj", "{E3A8A018-F058-4C27-B7F1-5BD6A844A5DF}"
EndProject
Global
	GlobalSection(SolutionConfigurationPlatforms) = preSolution
		Debug|Any CPU = Debug|Any CPU
		Debug|ARM = Debug|ARM
		Debug|x64 = Debug|x64
		Debug|x86 = Debug|x86
		Release|Any CPU = Release|Any CPU
		Release|ARM = Release|ARM
		Release|x64 = Release|x64
		Release|x86 = Release|x86
	EndGlobalSection
	GlobalSection(ProjectConfigurationPlatforms) = postSolution
		{E3A8A018-F058-4C27-B7F1-5BD6A844A5DF}.Debug|Any CPU.ActiveCfg = Debug|Any CPU
		{E3A8A018-F058-4C27-B7F1-5BD6A844A5DF}.Debug|Any CPU.Build.0 = Debug|Any CPU
		{E3A8A018-F058-4C27-B7F1-5BD6A844A5DF}.Debug|ARM.ActiveCfg = Debug|ARM
		{E3A8A018-F058-4C27-B7F1-5BD6A844A5DF}.Debug|ARM.Build.0 = Debug|ARM
		{E3A8A018-F058-4C27-B7F1-5BD6A844A5DF}.Debug|x64.ActiveCfg = Debug|x64
		{E3A8A018-F058-4C27-B7F1-5BD6A844A5DF}.Debug|x64.Build.0 = Debug|x64
		{E3A8A018-F058-4C27-B7F1-5BD6A844A5DF}.Debug|x86.ActiveCfg = Debug|x86
		{E3A8A018-F058-4C27-B7F1-5BD6A844A5DF}.Debug|x86.Build.0 = Debug|x86
		{E3A8A018-F058-4C27-B7F1-5BD6A844A5DF}.Release|Any CPU.ActiveCfg = Release|Any CPU
		{E3A8A018-F058-4C27-B7F1-5BD6A844A5DF}.Release|Any CPU.Build.0 = Release|Any CPU
		{E3A8A018-F058-4C27-B7F1-5BD6A844A5DF}.Release|ARM.ActiveCfg = Release|ARM
		{E3A8A018-F058-4C27-B7F1-5BD6A844A5DF}.Release|ARM.Build.0 = Release|ARM
		{E3A8A018-F058-4C27-B7F1-5BD6A844A5DF}.Release|x64.ActiveCfg = Release|x64
		{E3A8A018-F058-4C27-B7F1-5BD6A844A5DF}.Release|x64.Build.0 = Release|x64
		{E3A8A018-F058-4C27-B7F1-5BD6A844A5DF}.Release|x86.ActiveCfg = Release|x86
		{E3A8A018-F058-4C27-B7F1-5BD6A844A5DF}.Release|x86.Build.0 = Release|x86
	EndGlobalSection
	GlobalSection(SolutionProperties) = preSolution
		HideSolutionNode = FALSE
	EndGlobalSection
EndGlobal
