
Microsoft Visual Studio Solution File, Format Version 12.00
# Visual Studio Version 17
VisualStudioVersion = 17.0.31903.59
MinimumVisualStudioVersion = 10.0.40219.1
Project("{2150E333-8FDC-42A3-9474-1A3956D46DE8}") = "10C_100M", "10C_100M", "{409754A0-EACE-40B2-6272-539A6337F573}"
EndProject
Project("{FAE04EC0-301F-11D3-BF4B-00C04F79EFBC}") = "10C100M", "10C_100M\10C100M.csproj", "{53174F83-E486-480A-A8C5-2C281A3E8215}"
EndProject
Project("{FAE04EC0-301F-11D3-BF4B-00C04F79EFBC}") = "100C100M", "100C_100M\100C100M.csproj", "{C6DEC71F-D6AB-4D01-9800-E375F0D58C07}"
EndProject
Project("{FAE04EC0-301F-11D3-BF4B-00C04F79EFBC}") = "1000C100M", "1000C_100M\1000C100M.csproj", "{A73ABB71-CDBC-4789-AAEA-629B8A9BA514}"
EndProject
Global
	GlobalSection(SolutionConfigurationPlatforms) = preSolution
		Debug|Any CPU = Debug|Any CPU
		Debug|x64 = Debug|x64
		Debug|x86 = Debug|x86
		Release|Any CPU = Release|Any CPU
		Release|x64 = Release|x64
		Release|x86 = Release|x86
	EndGlobalSection
	GlobalSection(ProjectConfigurationPlatforms) = postSolution
		{53174F83-E486-480A-A8C5-2C281A3E8215}.Debug|Any CPU.ActiveCfg = Debug|Any CPU
		{53174F83-E486-480A-A8C5-2C281A3E8215}.Debug|Any CPU.Build.0 = Debug|Any CPU
		{53174F83-E486-480A-A8C5-2C281A3E8215}.Debug|x64.ActiveCfg = Debug|Any CPU
		{53174F83-E486-480A-A8C5-2C281A3E8215}.Debug|x64.Build.0 = Debug|Any CPU
		{53174F83-E486-480A-A8C5-2C281A3E8215}.Debug|x86.ActiveCfg = Debug|Any CPU
		{53174F83-E486-480A-A8C5-2C281A3E8215}.Debug|x86.Build.0 = Debug|Any CPU
		{53174F83-E486-480A-A8C5-2C281A3E8215}.Release|Any CPU.ActiveCfg = Release|Any CPU
		{53174F83-E486-480A-A8C5-2C281A3E8215}.Release|Any CPU.Build.0 = Release|Any CPU
		{53174F83-E486-480A-A8C5-2C281A3E8215}.Release|x64.ActiveCfg = Release|Any CPU
		{53174F83-E486-480A-A8C5-2C281A3E8215}.Release|x64.Build.0 = Release|Any CPU
		{53174F83-E486-480A-A8C5-2C281A3E8215}.Release|x86.ActiveCfg = Release|Any CPU
		{53174F83-E486-480A-A8C5-2C281A3E8215}.Release|x86.Build.0 = Release|Any CPU
		{C6DEC71F-D6AB-4D01-9800-E375F0D58C07}.Debug|Any CPU.ActiveCfg = Debug|Any CPU
		{C6DEC71F-D6AB-4D01-9800-E375F0D58C07}.Debug|Any CPU.Build.0 = Debug|Any CPU
		{C6DEC71F-D6AB-4D01-9800-E375F0D58C07}.Debug|x64.ActiveCfg = Debug|Any CPU
		{C6DEC71F-D6AB-4D01-9800-E375F0D58C07}.Debug|x64.Build.0 = Debug|Any CPU
		{C6DEC71F-D6AB-4D01-9800-E375F0D58C07}.Debug|x86.ActiveCfg = Debug|Any CPU
		{C6DEC71F-D6AB-4D01-9800-E375F0D58C07}.Debug|x86.Build.0 = Debug|Any CPU
		{C6DEC71F-D6AB-4D01-9800-E375F0D58C07}.Release|Any CPU.ActiveCfg = Release|Any CPU
		{C6DEC71F-D6AB-4D01-9800-E375F0D58C07}.Release|Any CPU.Build.0 = Release|Any CPU
		{C6DEC71F-D6AB-4D01-9800-E375F0D58C07}.Release|x64.ActiveCfg = Release|Any CPU
		{C6DEC71F-D6AB-4D01-9800-E375F0D58C07}.Release|x64.Build.0 = Release|Any CPU
		{C6DEC71F-D6AB-4D01-9800-E375F0D58C07}.Release|x86.ActiveCfg = Release|Any CPU
		{C6DEC71F-D6AB-4D01-9800-E375F0D58C07}.Release|x86.Build.0 = Release|Any CPU
		{A73ABB71-CDBC-4789-AAEA-629B8A9BA514}.Debug|Any CPU.ActiveCfg = Debug|Any CPU
		{A73ABB71-CDBC-4789-AAEA-629B8A9BA514}.Debug|Any CPU.Build.0 = Debug|Any CPU
		{A73ABB71-CDBC-4789-AAEA-629B8A9BA514}.Debug|x64.ActiveCfg = Debug|Any CPU
		{A73ABB71-CDBC-4789-AAEA-629B8A9BA514}.Debug|x64.Build.0 = Debug|Any CPU
		{A73ABB71-CDBC-4789-AAEA-629B8A9BA514}.Debug|x86.ActiveCfg = Debug|Any CPU
		{A73ABB71-CDBC-4789-AAEA-629B8A9BA514}.Debug|x86.Build.0 = Debug|Any CPU
		{A73ABB71-CDBC-4789-AAEA-629B8A9BA514}.Release|Any CPU.ActiveCfg = Release|Any CPU
		{A73ABB71-CDBC-4789-AAEA-629B8A9BA514}.Release|Any CPU.Build.0 = Release|Any CPU
		{A73ABB71-CDBC-4789-AAEA-629B8A9BA514}.Release|x64.ActiveCfg = Release|Any CPU
		{A73ABB71-CDBC-4789-AAEA-629B8A9BA514}.Release|x64.Build.0 = Release|Any CPU
		{A73ABB71-CDBC-4789-AAEA-629B8A9BA514}.Release|x86.ActiveCfg = Release|Any CPU
		{A73ABB71-CDBC-4789-AAEA-629B8A9BA514}.Release|x86.Build.0 = Release|Any CPU
	EndGlobalSection
	GlobalSection(SolutionProperties) = preSolution
		HideSolutionNode = FALSE
	EndGlobalSection
	GlobalSection(NestedProjects) = preSolution
		{53174F83-E486-480A-A8C5-2C281A3E8215} = {409754A0-EACE-40B2-6272-539A6337F573}
		{C6DEC71F-D6AB-4D01-9800-E375F0D58C07} = {409754A0-EACE-40B2-6272-539A6337F573}
		{A73ABB71-CDBC-4789-AAEA-629B8A9BA514} = {409754A0-EACE-40B2-6272-539A6337F573}
	EndGlobalSection
EndGlobal
